
Microsoft Visual Studio Solution File, Format Version 12.00
# Visual Studio Version 17
Project("{8BC9CEB8-8B4A-11D0-8D11-00A0C91BC942}") = "Samples", "Samples.vcxproj", "{1768D84D-92FE-33C6-B05A-E66DF9758F56}"
	ProjectSection(ProjectDependencies) = postProject
		{CFBCD1BA-4E17-3EDE-8668-BE636B2AB2C2} = {CFBCD1BA-4E17-3EDE-8668-BE636B2AB2C2}
		{238FB8D1-A65A-39F8-AEE0-73F7923A42DA} = {238FB8D1-A65A-39F8-AEE0-73F7923A42DA}
		{F02E156C-7C51-3E3A-8A25-8ABE3A52B21D} = {F02E156C-7C51-3E3A-8A25-8ABE3A52B21D}
	EndProjectSection
EndProject
Project("{8BC9CEB8-8B4A-11D0-8D11-00A0C91BC942}") = "ALL_BUILD", "ALL_BUILD.vcxproj", "{E63E5012-D347-3D56-A7A7-92A11E12276D}"
	ProjectSection(ProjectDependencies) = postProject
		{676762E9-122C-3135-A43B-EB2920031076} = {676762E9-122C-3135-A43B-EB2920031076}
		{CFBCD1BA-4E17-3EDE-8668-BE636B2AB2C2} = {CFBCD1BA-4E17-3EDE-8668-BE636B2AB2C2}
		{7196BCEC-C2C7-39DB-B70E-05960418CE43} = {7196BCEC-C2C7-39DB-B70E-05960418CE43}
		{8A48025E-444B-3BEC-8F15-1427DD4B44B2} = {8A48025E-444B-3BEC-8F15-1427DD4B44B2}
		{1768D84D-92FE-33C6-B05A-E66DF9758F56} = {1768D84D-92FE-33C6-B05A-E66DF9758F56}
		{238FB8D1-A65A-39F8-AEE0-73F7923A42DA} = {238FB8D1-A65A-39F8-AEE0-73F7923A42DA}
		{3E797B23-F2F5-3F00-9BA1-F16BB26D66B6} = {3E797B23-F2F5-3F00-9BA1-F16BB26D66B6}
		{F02E156C-7C51-3E3A-8A25-8ABE3A52B21D} = {F02E156C-7C51-3E3A-8A25-8ABE3A52B21D}
	EndProjectSection
EndProject
Project("{8BC9CEB8-8B4A-11D0-8D11-00A0C91BC942}") = "HelloWorld", "HelloWorld.vcxproj", "{676762E9-122C-3135-A43B-EB2920031076}"
	ProjectSection(ProjectDependencies) = postProject
		{CFBCD1BA-4E17-3EDE-8668-BE636B2AB2C2} = {CFBCD1BA-4E17-3EDE-8668-BE636B2AB2C2}
		{F02E156C-7C51-3E3A-8A25-8ABE3A52B21D} = {F02E156C-7C51-3E3A-8A25-8ABE3A52B21D}
	EndProjectSection
EndProject
Project("{8BC9CEB8-8B4A-11D0-8D11-00A0C91BC942}") = "INSTALL", "INSTALL.vcxproj", "{A755A4DE-89B5-3F6B-BF9E-60579B737E2D}"
	ProjectSection(ProjectDependencies) = postProject
		{E63E5012-D347-3D56-A7A7-92A11E12276D} = {E63E5012-D347-3D56-A7A7-92A11E12276D}
		{F02E156C-7C51-3E3A-8A25-8ABE3A52B21D} = {F02E156C-7C51-3E3A-8A25-8ABE3A52B21D}
	EndProjectSection
EndProject
Project("{8BC9CEB8-8B4A-11D0-8D11-00A0C91BC942}") = "Jolt", "Jolt.vcxproj", "{CFBCD1BA-4E17-3EDE-8668-BE636B2AB2C2}"
	ProjectSection(ProjectDependencies) = postProject
		{F02E156C-7C51-3E3A-8A25-8ABE3A52B21D} = {F02E156C-7C51-3E3A-8A25-8ABE3A52B21D}
	EndProjectSection
EndProject
Project("{8BC9CEB8-8B4A-11D0-8D11-00A0C91BC942}") = "JoltViewer", "JoltViewer.vcxproj", "{7196BCEC-C2C7-39DB-B70E-05960418CE43}"
	ProjectSection(ProjectDependencies) = postProject
		{CFBCD1BA-4E17-3EDE-8668-BE636B2AB2C2} = {CFBCD1BA-4E17-3EDE-8668-BE636B2AB2C2}
		{238FB8D1-A65A-39F8-AEE0-73F7923A42DA} = {238FB8D1-A65A-39F8-AEE0-73F7923A42DA}
		{F02E156C-7C51-3E3A-8A25-8ABE3A52B21D} = {F02E156C-7C51-3E3A-8A25-8ABE3A52B21D}
	EndProjectSection
EndProject
Project("{8BC9CEB8-8B4A-11D0-8D11-00A0C91BC942}") = "PerformanceTest", "PerformanceTest.vcxproj", "{8A48025E-444B-3BEC-8F15-1427DD4B44B2}"
	ProjectSection(ProjectDependencies) = postProject
		{CFBCD1BA-4E17-3EDE-8668-BE636B2AB2C2} = {CFBCD1BA-4E17-3EDE-8668-BE636B2AB2C2}
		{F02E156C-7C51-3E3A-8A25-8ABE3A52B21D} = {F02E156C-7C51-3E3A-8A25-8ABE3A52B21D}
	EndProjectSection
EndProject
Project("{8BC9CEB8-8B4A-11D0-8D11-00A0C91BC942}") = "RUN_TESTS", "RUN_TESTS.vcxproj", "{11664390-609A-30E2-9552-A5E0E3F0D988}"
	ProjectSection(ProjectDependencies) = postProject
		{F02E156C-7C51-3E3A-8A25-8ABE3A52B21D} = {F02E156C-7C51-3E3A-8A25-8ABE3A52B21D}
	EndProjectSection
EndProject
Project("{8BC9CEB8-8B4A-11D0-8D11-00A0C91BC942}") = "TestFramework", "TestFramework.vcxproj", "{238FB8D1-A65A-39F8-AEE0-73F7923A42DA}"
	ProjectSection(ProjectDependencies) = postProject
		{CFBCD1BA-4E17-3EDE-8668-BE636B2AB2C2} = {CFBCD1BA-4E17-3EDE-8668-BE636B2AB2C2}
		{F02E156C-7C51-3E3A-8A25-8ABE3A52B21D} = {F02E156C-7C51-3E3A-8A25-8ABE3A52B21D}
	EndProjectSection
EndProject
Project("{8BC9CEB8-8B4A-11D0-8D11-00A0C91BC942}") = "UnitTests", "UnitTests.vcxproj", "{3E797B23-F2F5-3F00-9BA1-F16BB26D66B6}"
	ProjectSection(ProjectDependencies) = postProject
		{CFBCD1BA-4E17-3EDE-8668-BE636B2AB2C2} = {CFBCD1BA-4E17-3EDE-8668-BE636B2AB2C2}
		{F02E156C-7C51-3E3A-8A25-8ABE3A52B21D} = {F02E156C-7C51-3E3A-8A25-8ABE3A52B21D}
	EndProjectSection
EndProject
Project("{8BC9CEB8-8B4A-11D0-8D11-00A0C91BC942}") = "ZERO_CHECK", "ZERO_CHECK.vcxproj", "{F02E156C-7C51-3E3A-8A25-8ABE3A52B21D}"
	ProjectSection(ProjectDependencies) = postProject
	EndProjectSection
EndProject
Global
	GlobalSection(SolutionConfigurationPlatforms) = preSolution
		Debug|x64 = Debug|x64
		Release|x64 = Release|x64
		Distribution|x64 = Distribution|x64
	EndGlobalSection
	GlobalSection(ProjectConfigurationPlatforms) = postSolution
		{1768D84D-92FE-33C6-B05A-E66DF9758F56}.Debug|x64.ActiveCfg = Debug|x64
		{1768D84D-92FE-33C6-B05A-E66DF9758F56}.Debug|x64.Build.0 = Debug|x64
		{1768D84D-92FE-33C6-B05A-E66DF9758F56}.Release|x64.ActiveCfg = Release|x64
		{1768D84D-92FE-33C6-B05A-E66DF9758F56}.Release|x64.Build.0 = Release|x64
		{1768D84D-92FE-33C6-B05A-E66DF9758F56}.Distribution|x64.ActiveCfg = Distribution|x64
		{1768D84D-92FE-33C6-B05A-E66DF9758F56}.Distribution|x64.Build.0 = Distribution|x64
		{E63E5012-D347-3D56-A7A7-92A11E12276D}.Debug|x64.ActiveCfg = Debug|x64
		{E63E5012-D347-3D56-A7A7-92A11E12276D}.Debug|x64.Build.0 = Debug|x64
		{E63E5012-D347-3D56-A7A7-92A11E12276D}.Release|x64.ActiveCfg = Release|x64
		{E63E5012-D347-3D56-A7A7-92A11E12276D}.Release|x64.Build.0 = Release|x64
		{E63E5012-D347-3D56-A7A7-92A11E12276D}.Distribution|x64.ActiveCfg = Distribution|x64
		{E63E5012-D347-3D56-A7A7-92A11E12276D}.Distribution|x64.Build.0 = Distribution|x64
		{676762E9-122C-3135-A43B-EB2920031076}.Debug|x64.ActiveCfg = Debug|x64
		{676762E9-122C-3135-A43B-EB2920031076}.Debug|x64.Build.0 = Debug|x64
		{676762E9-122C-3135-A43B-EB2920031076}.Release|x64.ActiveCfg = Release|x64
		{676762E9-122C-3135-A43B-EB2920031076}.Release|x64.Build.0 = Release|x64
		{676762E9-122C-3135-A43B-EB2920031076}.Distribution|x64.ActiveCfg = Distribution|x64
		{676762E9-122C-3135-A43B-EB2920031076}.Distribution|x64.Build.0 = Distribution|x64
		{A755A4DE-89B5-3F6B-BF9E-60579B737E2D}.Debug|x64.ActiveCfg = Debug|x64
		{A755A4DE-89B5-3F6B-BF9E-60579B737E2D}.Release|x64.ActiveCfg = Release|x64
		{A755A4DE-89B5-3F6B-BF9E-60579B737E2D}.Distribution|x64.ActiveCfg = Distribution|x64
		{CFBCD1BA-4E17-3EDE-8668-BE636B2AB2C2}.Debug|x64.ActiveCfg = Debug|x64
		{CFBCD1BA-4E17-3EDE-8668-BE636B2AB2C2}.Debug|x64.Build.0 = Debug|x64
		{CFBCD1BA-4E17-3EDE-8668-BE636B2AB2C2}.Release|x64.ActiveCfg = Release|x64
		{CFBCD1BA-4E17-3EDE-8668-BE636B2AB2C2}.Release|x64.Build.0 = Release|x64
		{CFBCD1BA-4E17-3EDE-8668-BE636B2AB2C2}.Distribution|x64.ActiveCfg = Distribution|x64
		{CFBCD1BA-4E17-3EDE-8668-BE636B2AB2C2}.Distribution|x64.Build.0 = Distribution|x64
		{7196BCEC-C2C7-39DB-B70E-05960418CE43}.Debug|x64.ActiveCfg = Debug|x64
		{7196BCEC-C2C7-39DB-B70E-05960418CE43}.Debug|x64.Build.0 = Debug|x64
		{7196BCEC-C2C7-39DB-B70E-05960418CE43}.Release|x64.ActiveCfg = Release|x64
		{7196BCEC-C2C7-39DB-B70E-05960418CE43}.Release|x64.Build.0 = Release|x64
		{7196BCEC-C2C7-39DB-B70E-05960418CE43}.Distribution|x64.ActiveCfg = Distribution|x64
		{7196BCEC-C2C7-39DB-B70E-05960418CE43}.Distribution|x64.Build.0 = Distribution|x64
		{8A48025E-444B-3BEC-8F15-1427DD4B44B2}.Debug|x64.ActiveCfg = Debug|x64
		{8A48025E-444B-3BEC-8F15-1427DD4B44B2}.Debug|x64.Build.0 = Debug|x64
		{8A48025E-444B-3BEC-8F15-1427DD4B44B2}.Release|x64.ActiveCfg = Release|x64
		{8A48025E-444B-3BEC-8F15-1427DD4B44B2}.Release|x64.Build.0 = Release|x64
		{8A48025E-444B-3BEC-8F15-1427DD4B44B2}.Distribution|x64.ActiveCfg = Distribution|x64
		{8A48025E-444B-3BEC-8F15-1427DD4B44B2}.Distribution|x64.Build.0 = Distribution|x64
		{11664390-609A-30E2-9552-A5E0E3F0D988}.Debug|x64.ActiveCfg = Debug|x64
		{11664390-609A-30E2-9552-A5E0E3F0D988}.Release|x64.ActiveCfg = Release|x64
		{11664390-609A-30E2-9552-A5E0E3F0D988}.Distribution|x64.ActiveCfg = Distribution|x64
		{238FB8D1-A65A-39F8-AEE0-73F7923A42DA}.Debug|x64.ActiveCfg = Debug|x64
		{238FB8D1-A65A-39F8-AEE0-73F7923A42DA}.Debug|x64.Build.0 = Debug|x64
		{238FB8D1-A65A-39F8-AEE0-73F7923A42DA}.Release|x64.ActiveCfg = Release|x64
		{238FB8D1-A65A-39F8-AEE0-73F7923A42DA}.Release|x64.Build.0 = Release|x64
		{238FB8D1-A65A-39F8-AEE0-73F7923A42DA}.Distribution|x64.ActiveCfg = Distribution|x64
		{238FB8D1-A65A-39F8-AEE0-73F7923A42DA}.Distribution|x64.Build.0 = Distribution|x64
		{3E797B23-F2F5-3F00-9BA1-F16BB26D66B6}.Debug|x64.ActiveCfg = Debug|x64
		{3E797B23-F2F5-3F00-9BA1-F16BB26D66B6}.Debug|x64.Build.0 = Debug|x64
		{3E797B23-F2F5-3F00-9BA1-F16BB26D66B6}.Release|x64.ActiveCfg = Release|x64
		{3E797B23-F2F5-3F00-9BA1-F16BB26D66B6}.Release|x64.Build.0 = Release|x64
		{3E797B23-F2F5-3F00-9BA1-F16BB26D66B6}.Distribution|x64.ActiveCfg = Distribution|x64
		{3E797B23-F2F5-3F00-9BA1-F16BB26D66B6}.Distribution|x64.Build.0 = Distribution|x64
		{F02E156C-7C51-3E3A-8A25-8ABE3A52B21D}.Debug|x64.ActiveCfg = Debug|x64
		{F02E156C-7C51-3E3A-8A25-8ABE3A52B21D}.Debug|x64.Build.0 = Debug|x64
		{F02E156C-7C51-3E3A-8A25-8ABE3A52B21D}.Release|x64.ActiveCfg = Release|x64
		{F02E156C-7C51-3E3A-8A25-8ABE3A52B21D}.Release|x64.Build.0 = Release|x64
		{F02E156C-7C51-3E3A-8A25-8ABE3A52B21D}.Distribution|x64.ActiveCfg = Distribution|x64
		{F02E156C-7C51-3E3A-8A25-8ABE3A52B21D}.Distribution|x64.Build.0 = Distribution|x64
	EndGlobalSection
	GlobalSection(ExtensibilityGlobals) = postSolution
		SolutionGuid = {6E104389-7BC1-349B-9420-E480D6CE067D}
	EndGlobalSection
	GlobalSection(ExtensibilityAddIns) = postSolution
	EndGlobalSection
EndGlobal
