<?xml version="1.0" encoding="utf-8"?>
<Project ToolsVersion="17.0" xmlns="http://schemas.microsoft.com/developer/msbuild/2003">
  <ItemGroup>
    <ClCompile Include="E:\other projects\CSyren\lib\third_party\JoltPhysics\Build\VS2022_CL\CMakeFiles\Jolt.dir\cmake_pch.cxx">
      <Filter>Source Files</Filter>
    </ClCompile>
    <ClCompile Include="E:\other projects\CSyren\lib\third_party\JoltPhysics\Jolt\AABBTree\AABBTreeBuilder.cpp">
      <Filter>AABBTree</Filter>
    </ClCompile>
    <ClCompile Include="E:\other projects\CSyren\lib\third_party\JoltPhysics\Jolt\Core\Color.cpp">
      <Filter>Core</Filter>
    </ClCompile>
    <ClCompile Include="E:\other projects\CSyren\lib\third_party\JoltPhysics\Jolt\Core\Factory.cpp">
      <Filter>Core</Filter>
    </ClCompile>
    <ClCompile Include="E:\other projects\CSyren\lib\third_party\JoltPhysics\Jolt\Core\IssueReporting.cpp">
      <Filter>Core</Filter>
    </ClCompile>
    <ClCompile Include="E:\other projects\CSyren\lib\third_party\JoltPhysics\Jolt\Core\JobSystemSingleThreaded.cpp">
      <Filter>Core</Filter>
    </ClCompile>
    <ClCompile Include="E:\other projects\CSyren\lib\third_party\JoltPhysics\Jolt\Core\JobSystemThreadPool.cpp">
      <Filter>Core</Filter>
    </ClCompile>
    <ClCompile Include="E:\other projects\CSyren\lib\third_party\JoltPhysics\Jolt\Core\JobSystemWithBarrier.cpp">
      <Filter>Core</Filter>
    </ClCompile>
    <ClCompile Include="E:\other projects\CSyren\lib\third_party\JoltPhysics\Jolt\Core\LinearCurve.cpp">
      <Filter>Core</Filter>
    </ClCompile>
    <ClCompile Include="E:\other projects\CSyren\lib\third_party\JoltPhysics\Jolt\Core\Memory.cpp">
      <Filter>Core</Filter>
    </ClCompile>
    <ClCompile Include="E:\other projects\CSyren\lib\third_party\JoltPhysics\Jolt\Core\Profiler.cpp">
      <Filter>Core</Filter>
    </ClCompile>
    <ClCompile Include="E:\other projects\CSyren\lib\third_party\JoltPhysics\Jolt\Core\RTTI.cpp">
      <Filter>Core</Filter>
    </ClCompile>
    <ClCompile Include="E:\other projects\CSyren\lib\third_party\JoltPhysics\Jolt\Core\Semaphore.cpp">
      <Filter>Core</Filter>
    </ClCompile>
    <ClCompile Include="E:\other projects\CSyren\lib\third_party\JoltPhysics\Jolt\Core\StringTools.cpp">
      <Filter>Core</Filter>
    </ClCompile>
    <ClCompile Include="E:\other projects\CSyren\lib\third_party\JoltPhysics\Jolt\Core\TickCounter.cpp">
      <Filter>Core</Filter>
    </ClCompile>
    <ClCompile Include="E:\other projects\CSyren\lib\third_party\JoltPhysics\Jolt\Geometry\ConvexHullBuilder.cpp">
      <Filter>Geometry</Filter>
    </ClCompile>
    <ClCompile Include="E:\other projects\CSyren\lib\third_party\JoltPhysics\Jolt\Geometry\ConvexHullBuilder2D.cpp">
      <Filter>Geometry</Filter>
    </ClCompile>
    <ClCompile Include="E:\other projects\CSyren\lib\third_party\JoltPhysics\Jolt\Geometry\Indexify.cpp">
      <Filter>Geometry</Filter>
    </ClCompile>
    <ClCompile Include="E:\other projects\CSyren\lib\third_party\JoltPhysics\Jolt\Geometry\OrientedBox.cpp">
      <Filter>Geometry</Filter>
    </ClCompile>
    <ClCompile Include="E:\other projects\CSyren\lib\third_party\JoltPhysics\Jolt\Math\Vec3.cpp">
      <Filter>Math</Filter>
    </ClCompile>
    <ClCompile Include="E:\other projects\CSyren\lib\third_party\JoltPhysics\Jolt\ObjectStream\SerializableObject.cpp">
      <Filter>ObjectStream</Filter>
    </ClCompile>
    <ClCompile Include="E:\other projects\CSyren\lib\third_party\JoltPhysics\Jolt\Physics\Body\Body.cpp">
      <Filter>Physics\Body</Filter>
    </ClCompile>
    <ClCompile Include="E:\other projects\CSyren\lib\third_party\JoltPhysics\Jolt\Physics\Body\BodyCreationSettings.cpp">
      <Filter>Physics\Body</Filter>
    </ClCompile>
    <ClCompile Include="E:\other projects\CSyren\lib\third_party\JoltPhysics\Jolt\Physics\Body\BodyInterface.cpp">
      <Filter>Physics\Body</Filter>
    </ClCompile>
    <ClCompile Include="E:\other projects\CSyren\lib\third_party\JoltPhysics\Jolt\Physics\Body\BodyManager.cpp">
      <Filter>Physics\Body</Filter>
    </ClCompile>
    <ClCompile Include="E:\other projects\CSyren\lib\third_party\JoltPhysics\Jolt\Physics\Body\MassProperties.cpp">
      <Filter>Physics\Body</Filter>
    </ClCompile>
    <ClCompile Include="E:\other projects\CSyren\lib\third_party\JoltPhysics\Jolt\Physics\Body\MotionProperties.cpp">
      <Filter>Physics\Body</Filter>
    </ClCompile>
    <ClCompile Include="E:\other projects\CSyren\lib\third_party\JoltPhysics\Jolt\Physics\Character\Character.cpp">
      <Filter>Physics\Character</Filter>
    </ClCompile>
    <ClCompile Include="E:\other projects\CSyren\lib\third_party\JoltPhysics\Jolt\Physics\Character\CharacterBase.cpp">
      <Filter>Physics\Character</Filter>
    </ClCompile>
    <ClCompile Include="E:\other projects\CSyren\lib\third_party\JoltPhysics\Jolt\Physics\Character\CharacterVirtual.cpp">
      <Filter>Physics\Character</Filter>
    </ClCompile>
    <ClCompile Include="E:\other projects\CSyren\lib\third_party\JoltPhysics\Jolt\Physics\Collision\BroadPhase\BroadPhase.cpp">
      <Filter>Physics\Collision\BroadPhase</Filter>
    </ClCompile>
    <ClCompile Include="E:\other projects\CSyren\lib\third_party\JoltPhysics\Jolt\Physics\Collision\BroadPhase\BroadPhaseBruteForce.cpp">
      <Filter>Physics\Collision\BroadPhase</Filter>
    </ClCompile>
    <ClCompile Include="E:\other projects\CSyren\lib\third_party\JoltPhysics\Jolt\Physics\Collision\BroadPhase\BroadPhaseQuadTree.cpp">
      <Filter>Physics\Collision\BroadPhase</Filter>
    </ClCompile>
    <ClCompile Include="E:\other projects\CSyren\lib\third_party\JoltPhysics\Jolt\Physics\Collision\BroadPhase\QuadTree.cpp">
      <Filter>Physics\Collision\BroadPhase</Filter>
    </ClCompile>
    <ClCompile Include="E:\other projects\CSyren\lib\third_party\JoltPhysics\Jolt\Physics\Collision\CastConvexVsTriangles.cpp">
      <Filter>Physics\Collision</Filter>
    </ClCompile>
    <ClCompile Include="E:\other projects\CSyren\lib\third_party\JoltPhysics\Jolt\Physics\Collision\CastSphereVsTriangles.cpp">
      <Filter>Physics\Collision</Filter>
    </ClCompile>
    <ClCompile Include="E:\other projects\CSyren\lib\third_party\JoltPhysics\Jolt\Physics\Collision\CollideConvexVsTriangles.cpp">
      <Filter>Physics\Collision</Filter>
    </ClCompile>
    <ClCompile Include="E:\other projects\CSyren\lib\third_party\JoltPhysics\Jolt\Physics\Collision\CollideSphereVsTriangles.cpp">
      <Filter>Physics\Collision</Filter>
    </ClCompile>
    <ClCompile Include="E:\other projects\CSyren\lib\third_party\JoltPhysics\Jolt\Physics\Collision\CollisionDispatch.cpp">
      <Filter>Physics\Collision</Filter>
    </ClCompile>
    <ClCompile Include="E:\other projects\CSyren\lib\third_party\JoltPhysics\Jolt\Physics\Collision\CollisionGroup.cpp">
      <Filter>Physics\Collision</Filter>
    </ClCompile>
    <ClCompile Include="E:\other projects\CSyren\lib\third_party\JoltPhysics\Jolt\Physics\Collision\EstimateCollisionResponse.cpp">
      <Filter>Physics\Collision</Filter>
    </ClCompile>
    <ClCompile Include="E:\other projects\CSyren\lib\third_party\JoltPhysics\Jolt\Physics\Collision\GroupFilter.cpp">
      <Filter>Physics\Collision</Filter>
    </ClCompile>
    <ClCompile Include="E:\other projects\CSyren\lib\third_party\JoltPhysics\Jolt\Physics\Collision\GroupFilterTable.cpp">
      <Filter>Physics\Collision</Filter>
    </ClCompile>
    <ClCompile Include="E:\other projects\CSyren\lib\third_party\JoltPhysics\Jolt\Physics\Collision\ManifoldBetweenTwoFaces.cpp">
      <Filter>Physics\Collision</Filter>
    </ClCompile>
    <ClCompile Include="E:\other projects\CSyren\lib\third_party\JoltPhysics\Jolt\Physics\Collision\NarrowPhaseQuery.cpp">
      <Filter>Physics\Collision</Filter>
    </ClCompile>
    <ClCompile Include="E:\other projects\CSyren\lib\third_party\JoltPhysics\Jolt\Physics\Collision\NarrowPhaseStats.cpp">
      <Filter>Physics\Collision</Filter>
    </ClCompile>
    <ClCompile Include="E:\other projects\CSyren\lib\third_party\JoltPhysics\Jolt\Physics\Collision\PhysicsMaterial.cpp">
      <Filter>Physics\Collision</Filter>
    </ClCompile>
    <ClCompile Include="E:\other projects\CSyren\lib\third_party\JoltPhysics\Jolt\Physics\Collision\PhysicsMaterialSimple.cpp">
      <Filter>Physics\Collision</Filter>
    </ClCompile>
    <ClCompile Include="E:\other projects\CSyren\lib\third_party\JoltPhysics\Jolt\Physics\Collision\Shape\BoxShape.cpp">
      <Filter>Physics\Collision\Shape</Filter>
    </ClCompile>
    <ClCompile Include="E:\other projects\CSyren\lib\third_party\JoltPhysics\Jolt\Physics\Collision\Shape\CapsuleShape.cpp">
      <Filter>Physics\Collision\Shape</Filter>
    </ClCompile>
    <ClCompile Include="E:\other projects\CSyren\lib\third_party\JoltPhysics\Jolt\Physics\Collision\Shape\CompoundShape.cpp">
      <Filter>Physics\Collision\Shape</Filter>
    </ClCompile>
    <ClCompile Include="E:\other projects\CSyren\lib\third_party\JoltPhysics\Jolt\Physics\Collision\Shape\ConvexHullShape.cpp">
      <Filter>Physics\Collision\Shape</Filter>
    </ClCompile>
    <ClCompile Include="E:\other projects\CSyren\lib\third_party\JoltPhysics\Jolt\Physics\Collision\Shape\ConvexShape.cpp">
      <Filter>Physics\Collision\Shape</Filter>
    </ClCompile>
    <ClCompile Include="E:\other projects\CSyren\lib\third_party\JoltPhysics\Jolt\Physics\Collision\Shape\CylinderShape.cpp">
      <Filter>Physics\Collision\Shape</Filter>
    </ClCompile>
    <ClCompile Include="E:\other projects\CSyren\lib\third_party\JoltPhysics\Jolt\Physics\Collision\Shape\DecoratedShape.cpp">
      <Filter>Physics\Collision\Shape</Filter>
    </ClCompile>
    <ClCompile Include="E:\other projects\CSyren\lib\third_party\JoltPhysics\Jolt\Physics\Collision\Shape\EmptyShape.cpp">
      <Filter>Physics\Collision\Shape</Filter>
    </ClCompile>
    <ClCompile Include="E:\other projects\CSyren\lib\third_party\JoltPhysics\Jolt\Physics\Collision\Shape\HeightFieldShape.cpp">
      <Filter>Physics\Collision\Shape</Filter>
    </ClCompile>
    <ClCompile Include="E:\other projects\CSyren\lib\third_party\JoltPhysics\Jolt\Physics\Collision\Shape\MeshShape.cpp">
      <Filter>Physics\Collision\Shape</Filter>
    </ClCompile>
    <ClCompile Include="E:\other projects\CSyren\lib\third_party\JoltPhysics\Jolt\Physics\Collision\Shape\MutableCompoundShape.cpp">
      <Filter>Physics\Collision\Shape</Filter>
    </ClCompile>
    <ClCompile Include="E:\other projects\CSyren\lib\third_party\JoltPhysics\Jolt\Physics\Collision\Shape\OffsetCenterOfMassShape.cpp">
      <Filter>Physics\Collision\Shape</Filter>
    </ClCompile>
    <ClCompile Include="E:\other projects\CSyren\lib\third_party\JoltPhysics\Jolt\Physics\Collision\Shape\PlaneShape.cpp">
      <Filter>Physics\Collision\Shape</Filter>
    </ClCompile>
    <ClCompile Include="E:\other projects\CSyren\lib\third_party\JoltPhysics\Jolt\Physics\Collision\Shape\RotatedTranslatedShape.cpp">
      <Filter>Physics\Collision\Shape</Filter>
    </ClCompile>
    <ClCompile Include="E:\other projects\CSyren\lib\third_party\JoltPhysics\Jolt\Physics\Collision\Shape\ScaledShape.cpp">
      <Filter>Physics\Collision\Shape</Filter>
    </ClCompile>
    <ClCompile Include="E:\other projects\CSyren\lib\third_party\JoltPhysics\Jolt\Physics\Collision\Shape\Shape.cpp">
      <Filter>Physics\Collision\Shape</Filter>
    </ClCompile>
    <ClCompile Include="E:\other projects\CSyren\lib\third_party\JoltPhysics\Jolt\Physics\Collision\Shape\SphereShape.cpp">
      <Filter>Physics\Collision\Shape</Filter>
    </ClCompile>
    <ClCompile Include="E:\other projects\CSyren\lib\third_party\JoltPhysics\Jolt\Physics\Collision\Shape\StaticCompoundShape.cpp">
      <Filter>Physics\Collision\Shape</Filter>
    </ClCompile>
    <ClCompile Include="E:\other projects\CSyren\lib\third_party\JoltPhysics\Jolt\Physics\Collision\Shape\TaperedCapsuleShape.cpp">
      <Filter>Physics\Collision\Shape</Filter>
    </ClCompile>
    <ClCompile Include="E:\other projects\CSyren\lib\third_party\JoltPhysics\Jolt\Physics\Collision\Shape\TaperedCylinderShape.cpp">
      <Filter>Physics\Collision\Shape</Filter>
    </ClCompile>
    <ClCompile Include="E:\other projects\CSyren\lib\third_party\JoltPhysics\Jolt\Physics\Collision\Shape\TriangleShape.cpp">
      <Filter>Physics\Collision\Shape</Filter>
    </ClCompile>
    <ClCompile Include="E:\other projects\CSyren\lib\third_party\JoltPhysics\Jolt\Physics\Collision\TransformedShape.cpp">
      <Filter>Physics\Collision</Filter>
    </ClCompile>
    <ClCompile Include="E:\other projects\CSyren\lib\third_party\JoltPhysics\Jolt\Physics\Constraints\ConeConstraint.cpp">
      <Filter>Physics\Constraints</Filter>
    </ClCompile>
    <ClCompile Include="E:\other projects\CSyren\lib\third_party\JoltPhysics\Jolt\Physics\Constraints\Constraint.cpp">
      <Filter>Physics\Constraints</Filter>
    </ClCompile>
    <ClCompile Include="E:\other projects\CSyren\lib\third_party\JoltPhysics\Jolt\Physics\Constraints\ConstraintManager.cpp">
      <Filter>Physics\Constraints</Filter>
    </ClCompile>
    <ClCompile Include="E:\other projects\CSyren\lib\third_party\JoltPhysics\Jolt\Physics\Constraints\ContactConstraintManager.cpp">
      <Filter>Physics\Constraints</Filter>
    </ClCompile>
    <ClCompile Include="E:\other projects\CSyren\lib\third_party\JoltPhysics\Jolt\Physics\Constraints\DistanceConstraint.cpp">
      <Filter>Physics\Constraints</Filter>
    </ClCompile>
    <ClCompile Include="E:\other projects\CSyren\lib\third_party\JoltPhysics\Jolt\Physics\Constraints\FixedConstraint.cpp">
      <Filter>Physics\Constraints</Filter>
    </ClCompile>
    <ClCompile Include="E:\other projects\CSyren\lib\third_party\JoltPhysics\Jolt\Physics\Constraints\GearConstraint.cpp">
      <Filter>Physics\Constraints</Filter>
    </ClCompile>
    <ClCompile Include="E:\other projects\CSyren\lib\third_party\JoltPhysics\Jolt\Physics\Constraints\HingeConstraint.cpp">
      <Filter>Physics\Constraints</Filter>
    </ClCompile>
    <ClCompile Include="E:\other projects\CSyren\lib\third_party\JoltPhysics\Jolt\Physics\Constraints\MotorSettings.cpp">
      <Filter>Physics\Constraints</Filter>
    </ClCompile>
    <ClCompile Include="E:\other projects\CSyren\lib\third_party\JoltPhysics\Jolt\Physics\Constraints\PathConstraint.cpp">
      <Filter>Physics\Constraints</Filter>
    </ClCompile>
    <ClCompile Include="E:\other projects\CSyren\lib\third_party\JoltPhysics\Jolt\Physics\Constraints\PathConstraintPath.cpp">
      <Filter>Physics\Constraints</Filter>
    </ClCompile>
    <ClCompile Include="E:\other projects\CSyren\lib\third_party\JoltPhysics\Jolt\Physics\Constraints\PathConstraintPathHermite.cpp">
      <Filter>Physics\Constraints</Filter>
    </ClCompile>
    <ClCompile Include="E:\other projects\CSyren\lib\third_party\JoltPhysics\Jolt\Physics\Constraints\PointConstraint.cpp">
      <Filter>Physics\Constraints</Filter>
    </ClCompile>
    <ClCompile Include="E:\other projects\CSyren\lib\third_party\JoltPhysics\Jolt\Physics\Constraints\PulleyConstraint.cpp">
      <Filter>Physics\Constraints</Filter>
    </ClCompile>
    <ClCompile Include="E:\other projects\CSyren\lib\third_party\JoltPhysics\Jolt\Physics\Constraints\RackAndPinionConstraint.cpp">
      <Filter>Physics\Constraints</Filter>
    </ClCompile>
    <ClCompile Include="E:\other projects\CSyren\lib\third_party\JoltPhysics\Jolt\Physics\Constraints\SixDOFConstraint.cpp">
      <Filter>Physics\Constraints</Filter>
    </ClCompile>
    <ClCompile Include="E:\other projects\CSyren\lib\third_party\JoltPhysics\Jolt\Physics\Constraints\SliderConstraint.cpp">
      <Filter>Physics\Constraints</Filter>
    </ClCompile>
    <ClCompile Include="E:\other projects\CSyren\lib\third_party\JoltPhysics\Jolt\Physics\Constraints\SpringSettings.cpp">
      <Filter>Physics\Constraints</Filter>
    </ClCompile>
    <ClCompile Include="E:\other projects\CSyren\lib\third_party\JoltPhysics\Jolt\Physics\Constraints\SwingTwistConstraint.cpp">
      <Filter>Physics\Constraints</Filter>
    </ClCompile>
    <ClCompile Include="E:\other projects\CSyren\lib\third_party\JoltPhysics\Jolt\Physics\Constraints\TwoBodyConstraint.cpp">
      <Filter>Physics\Constraints</Filter>
    </ClCompile>
    <ClCompile Include="E:\other projects\CSyren\lib\third_party\JoltPhysics\Jolt\Physics\DeterminismLog.cpp">
      <Filter>Physics</Filter>
    </ClCompile>
    <ClCompile Include="E:\other projects\CSyren\lib\third_party\JoltPhysics\Jolt\Physics\IslandBuilder.cpp">
      <Filter>Physics</Filter>
    </ClCompile>
    <ClCompile Include="E:\other projects\CSyren\lib\third_party\JoltPhysics\Jolt\Physics\LargeIslandSplitter.cpp">
      <Filter>Physics</Filter>
    </ClCompile>
    <ClCompile Include="E:\other projects\CSyren\lib\third_party\JoltPhysics\Jolt\Physics\PhysicsScene.cpp">
      <Filter>Physics</Filter>
    </ClCompile>
    <ClCompile Include="E:\other projects\CSyren\lib\third_party\JoltPhysics\Jolt\Physics\PhysicsSystem.cpp">
      <Filter>Physics</Filter>
    </ClCompile>
    <ClCompile Include="E:\other projects\CSyren\lib\third_party\JoltPhysics\Jolt\Physics\PhysicsUpdateContext.cpp">
      <Filter>Physics</Filter>
    </ClCompile>
    <ClCompile Include="E:\other projects\CSyren\lib\third_party\JoltPhysics\Jolt\Physics\Ragdoll\Ragdoll.cpp">
      <Filter>Physics\Ragdoll</Filter>
    </ClCompile>
    <ClCompile Include="E:\other projects\CSyren\lib\third_party\JoltPhysics\Jolt\Physics\SoftBody\SoftBodyCreationSettings.cpp">
      <Filter>Physics\SoftBody</Filter>
    </ClCompile>
    <ClCompile Include="E:\other projects\CSyren\lib\third_party\JoltPhysics\Jolt\Physics\SoftBody\SoftBodyMotionProperties.cpp">
      <Filter>Physics\SoftBody</Filter>
    </ClCompile>
    <ClCompile Include="E:\other projects\CSyren\lib\third_party\JoltPhysics\Jolt\Physics\SoftBody\SoftBodyShape.cpp">
      <Filter>Physics\SoftBody</Filter>
    </ClCompile>
    <ClCompile Include="E:\other projects\CSyren\lib\third_party\JoltPhysics\Jolt\Physics\SoftBody\SoftBodySharedSettings.cpp">
      <Filter>Physics\SoftBody</Filter>
    </ClCompile>
    <ClCompile Include="E:\other projects\CSyren\lib\third_party\JoltPhysics\Jolt\Physics\StateRecorderImpl.cpp">
      <Filter>Physics</Filter>
    </ClCompile>
    <ClCompile Include="E:\other projects\CSyren\lib\third_party\JoltPhysics\Jolt\Physics\Vehicle\MotorcycleController.cpp">
      <Filter>Physics\Vehicle</Filter>
    </ClCompile>
    <ClCompile Include="E:\other projects\CSyren\lib\third_party\JoltPhysics\Jolt\Physics\Vehicle\TrackedVehicleController.cpp">
      <Filter>Physics\Vehicle</Filter>
    </ClCompile>
    <ClCompile Include="E:\other projects\CSyren\lib\third_party\JoltPhysics\Jolt\Physics\Vehicle\VehicleAntiRollBar.cpp">
      <Filter>Physics\Vehicle</Filter>
    </ClCompile>
    <ClCompile Include="E:\other projects\CSyren\lib\third_party\JoltPhysics\Jolt\Physics\Vehicle\VehicleCollisionTester.cpp">
      <Filter>Physics\Vehicle</Filter>
    </ClCompile>
    <ClCompile Include="E:\other projects\CSyren\lib\third_party\JoltPhysics\Jolt\Physics\Vehicle\VehicleConstraint.cpp">
      <Filter>Physics\Vehicle</Filter>
    </ClCompile>
    <ClCompile Include="E:\other projects\CSyren\lib\third_party\JoltPhysics\Jolt\Physics\Vehicle\VehicleController.cpp">
      <Filter>Physics\Vehicle</Filter>
    </ClCompile>
    <ClCompile Include="E:\other projects\CSyren\lib\third_party\JoltPhysics\Jolt\Physics\Vehicle\VehicleDifferential.cpp">
      <Filter>Physics\Vehicle</Filter>
    </ClCompile>
    <ClCompile Include="E:\other projects\CSyren\lib\third_party\JoltPhysics\Jolt\Physics\Vehicle\VehicleEngine.cpp">
      <Filter>Physics\Vehicle</Filter>
    </ClCompile>
    <ClCompile Include="E:\other projects\CSyren\lib\third_party\JoltPhysics\Jolt\Physics\Vehicle\VehicleTrack.cpp">
      <Filter>Physics\Vehicle</Filter>
    </ClCompile>
    <ClCompile Include="E:\other projects\CSyren\lib\third_party\JoltPhysics\Jolt\Physics\Vehicle\VehicleTransmission.cpp">
      <Filter>Physics\Vehicle</Filter>
    </ClCompile>
    <ClCompile Include="E:\other projects\CSyren\lib\third_party\JoltPhysics\Jolt\Physics\Vehicle\Wheel.cpp">
      <Filter>Physics\Vehicle</Filter>
    </ClCompile>
    <ClCompile Include="E:\other projects\CSyren\lib\third_party\JoltPhysics\Jolt\Physics\Vehicle\WheeledVehicleController.cpp">
      <Filter>Physics\Vehicle</Filter>
    </ClCompile>
    <ClCompile Include="E:\other projects\CSyren\lib\third_party\JoltPhysics\Jolt\RegisterTypes.cpp" />
    <ClCompile Include="E:\other projects\CSyren\lib\third_party\JoltPhysics\Jolt\Renderer\DebugRenderer.cpp">
      <Filter>Renderer</Filter>
    </ClCompile>
    <ClCompile Include="E:\other projects\CSyren\lib\third_party\JoltPhysics\Jolt\Renderer\DebugRendererPlayback.cpp">
      <Filter>Renderer</Filter>
    </ClCompile>
    <ClCompile Include="E:\other projects\CSyren\lib\third_party\JoltPhysics\Jolt\Renderer\DebugRendererRecorder.cpp">
      <Filter>Renderer</Filter>
    </ClCompile>
    <ClCompile Include="E:\other projects\CSyren\lib\third_party\JoltPhysics\Jolt\Renderer\DebugRendererSimple.cpp">
      <Filter>Renderer</Filter>
    </ClCompile>
    <ClCompile Include="E:\other projects\CSyren\lib\third_party\JoltPhysics\Jolt\Skeleton\SkeletalAnimation.cpp">
      <Filter>Skeleton</Filter>
    </ClCompile>
    <ClCompile Include="E:\other projects\CSyren\lib\third_party\JoltPhysics\Jolt\Skeleton\Skeleton.cpp">
      <Filter>Skeleton</Filter>
    </ClCompile>
    <ClCompile Include="E:\other projects\CSyren\lib\third_party\JoltPhysics\Jolt\Skeleton\SkeletonMapper.cpp">
      <Filter>Skeleton</Filter>
    </ClCompile>
    <ClCompile Include="E:\other projects\CSyren\lib\third_party\JoltPhysics\Jolt\Skeleton\SkeletonPose.cpp">
      <Filter>Skeleton</Filter>
    </ClCompile>
    <ClCompile Include="E:\other projects\CSyren\lib\third_party\JoltPhysics\Jolt\TriangleSplitter\TriangleSplitter.cpp">
      <Filter>TriangleSplitter</Filter>
    </ClCompile>
    <ClCompile Include="E:\other projects\CSyren\lib\third_party\JoltPhysics\Jolt\TriangleSplitter\TriangleSplitterBinning.cpp">
      <Filter>TriangleSplitter</Filter>
    </ClCompile>
    <ClCompile Include="E:\other projects\CSyren\lib\third_party\JoltPhysics\Jolt\TriangleSplitter\TriangleSplitterMean.cpp">
      <Filter>TriangleSplitter</Filter>
    </ClCompile>
    <ClCompile Include="E:\other projects\CSyren\lib\third_party\JoltPhysics\Jolt\ObjectStream\ObjectStream.cpp">
      <Filter>ObjectStream</Filter>
    </ClCompile>
    <ClCompile Include="E:\other projects\CSyren\lib\third_party\JoltPhysics\Jolt\ObjectStream\ObjectStreamBinaryIn.cpp">
      <Filter>ObjectStream</Filter>
    </ClCompile>
    <ClCompile Include="E:\other projects\CSyren\lib\third_party\JoltPhysics\Jolt\ObjectStream\ObjectStreamBinaryOut.cpp">
      <Filter>ObjectStream</Filter>
    </ClCompile>
    <ClCompile Include="E:\other projects\CSyren\lib\third_party\JoltPhysics\Jolt\ObjectStream\ObjectStreamIn.cpp">
      <Filter>ObjectStream</Filter>
    </ClCompile>
    <ClCompile Include="E:\other projects\CSyren\lib\third_party\JoltPhysics\Jolt\ObjectStream\ObjectStreamOut.cpp">
      <Filter>ObjectStream</Filter>
    </ClCompile>
    <ClCompile Include="E:\other projects\CSyren\lib\third_party\JoltPhysics\Jolt\ObjectStream\ObjectStreamTextIn.cpp">
      <Filter>ObjectStream</Filter>
    </ClCompile>
    <ClCompile Include="E:\other projects\CSyren\lib\third_party\JoltPhysics\Jolt\ObjectStream\ObjectStreamTextOut.cpp">
      <Filter>ObjectStream</Filter>
    </ClCompile>
    <ClCompile Include="E:\other projects\CSyren\lib\third_party\JoltPhysics\Jolt\ObjectStream\TypeDeclarations.cpp">
      <Filter>ObjectStream</Filter>
    </ClCompile>
  </ItemGroup>
  <ItemGroup>
    <ClInclude Include="E:\other projects\CSyren\lib\third_party\JoltPhysics\Jolt\AABBTree\AABBTreeBuilder.h">
      <Filter>AABBTree</Filter>
    </ClInclude>
    <ClInclude Include="E:\other projects\CSyren\lib\third_party\JoltPhysics\Jolt\AABBTree\AABBTreeToBuffer.h">
      <Filter>AABBTree</Filter>
    </ClInclude>
    <ClInclude Include="E:\other projects\CSyren\lib\third_party\JoltPhysics\Jolt\AABBTree\NodeCodec\NodeCodecQuadTreeHalfFloat.h">
      <Filter>AABBTree\NodeCodec</Filter>
    </ClInclude>
    <ClInclude Include="E:\other projects\CSyren\lib\third_party\JoltPhysics\Jolt\AABBTree\TriangleCodec\TriangleCodecIndexed8BitPackSOA4Flags.h">
      <Filter>AABBTree\TriangleCodec</Filter>
    </ClInclude>
    <ClInclude Include="E:\other projects\CSyren\lib\third_party\JoltPhysics\Jolt\ConfigurationString.h" />
    <ClInclude Include="E:\other projects\CSyren\lib\third_party\JoltPhysics\Jolt\Core\ARMNeon.h">
      <Filter>Core</Filter>
    </ClInclude>
    <ClInclude Include="E:\other projects\CSyren\lib\third_party\JoltPhysics\Jolt\Core\Array.h">
      <Filter>Core</Filter>
    </ClInclude>
    <ClInclude Include="E:\other projects\CSyren\lib\third_party\JoltPhysics\Jolt\Core\Atomics.h">
      <Filter>Core</Filter>
    </ClInclude>
    <ClInclude Include="E:\other projects\CSyren\lib\third_party\JoltPhysics\Jolt\Core\BinaryHeap.h">
      <Filter>Core</Filter>
    </ClInclude>
    <ClInclude Include="E:\other projects\CSyren\lib\third_party\JoltPhysics\Jolt\Core\ByteBuffer.h">
      <Filter>Core</Filter>
    </ClInclude>
    <ClInclude Include="E:\other projects\CSyren\lib\third_party\JoltPhysics\Jolt\Core\Color.h">
      <Filter>Core</Filter>
    </ClInclude>
    <ClInclude Include="E:\other projects\CSyren\lib\third_party\JoltPhysics\Jolt\Core\Core.h">
      <Filter>Core</Filter>
    </ClInclude>
    <ClInclude Include="E:\other projects\CSyren\lib\third_party\JoltPhysics\Jolt\Core\Factory.h">
      <Filter>Core</Filter>
    </ClInclude>
    <ClInclude Include="E:\other projects\CSyren\lib\third_party\JoltPhysics\Jolt\Core\FixedSizeFreeList.h">
      <Filter>Core</Filter>
    </ClInclude>
    <ClInclude Include="E:\other projects\CSyren\lib\third_party\JoltPhysics\Jolt\Core\FixedSizeFreeList.inl">
      <Filter>Core</Filter>
    </ClInclude>
    <ClInclude Include="E:\other projects\CSyren\lib\third_party\JoltPhysics\Jolt\Core\FPControlWord.h">
      <Filter>Core</Filter>
    </ClInclude>
    <ClInclude Include="E:\other projects\CSyren\lib\third_party\JoltPhysics\Jolt\Core\FPException.h">
      <Filter>Core</Filter>
    </ClInclude>
    <ClInclude Include="E:\other projects\CSyren\lib\third_party\JoltPhysics\Jolt\Core\FPFlushDenormals.h">
      <Filter>Core</Filter>
    </ClInclude>
    <ClInclude Include="E:\other projects\CSyren\lib\third_party\JoltPhysics\Jolt\Core\HashCombine.h">
      <Filter>Core</Filter>
    </ClInclude>
    <ClInclude Include="E:\other projects\CSyren\lib\third_party\JoltPhysics\Jolt\Core\HashTable.h">
      <Filter>Core</Filter>
    </ClInclude>
    <ClInclude Include="E:\other projects\CSyren\lib\third_party\JoltPhysics\Jolt\Core\InsertionSort.h">
      <Filter>Core</Filter>
    </ClInclude>
    <ClInclude Include="E:\other projects\CSyren\lib\third_party\JoltPhysics\Jolt\Core\IssueReporting.h">
      <Filter>Core</Filter>
    </ClInclude>
    <ClInclude Include="E:\other projects\CSyren\lib\third_party\JoltPhysics\Jolt\Core\JobSystem.h">
      <Filter>Core</Filter>
    </ClInclude>
    <ClInclude Include="E:\other projects\CSyren\lib\third_party\JoltPhysics\Jolt\Core\JobSystem.inl">
      <Filter>Core</Filter>
    </ClInclude>
    <ClInclude Include="E:\other projects\CSyren\lib\third_party\JoltPhysics\Jolt\Core\JobSystemSingleThreaded.h">
      <Filter>Core</Filter>
    </ClInclude>
    <ClInclude Include="E:\other projects\CSyren\lib\third_party\JoltPhysics\Jolt\Core\JobSystemThreadPool.h">
      <Filter>Core</Filter>
    </ClInclude>
    <ClInclude Include="E:\other projects\CSyren\lib\third_party\JoltPhysics\Jolt\Core\JobSystemWithBarrier.h">
      <Filter>Core</Filter>
    </ClInclude>
    <ClInclude Include="E:\other projects\CSyren\lib\third_party\JoltPhysics\Jolt\Core\LinearCurve.h">
      <Filter>Core</Filter>
    </ClInclude>
    <ClInclude Include="E:\other projects\CSyren\lib\third_party\JoltPhysics\Jolt\Core\LockFreeHashMap.h">
      <Filter>Core</Filter>
    </ClInclude>
    <ClInclude Include="E:\other projects\CSyren\lib\third_party\JoltPhysics\Jolt\Core\LockFreeHashMap.inl">
      <Filter>Core</Filter>
    </ClInclude>
    <ClInclude Include="E:\other projects\CSyren\lib\third_party\JoltPhysics\Jolt\Core\Memory.h">
      <Filter>Core</Filter>
    </ClInclude>
    <ClInclude Include="E:\other projects\CSyren\lib\third_party\JoltPhysics\Jolt\Core\Mutex.h">
      <Filter>Core</Filter>
    </ClInclude>
    <ClInclude Include="E:\other projects\CSyren\lib\third_party\JoltPhysics\Jolt\Core\MutexArray.h">
      <Filter>Core</Filter>
    </ClInclude>
    <ClInclude Include="E:\other projects\CSyren\lib\third_party\JoltPhysics\Jolt\Core\NonCopyable.h">
      <Filter>Core</Filter>
    </ClInclude>
    <ClInclude Include="E:\other projects\CSyren\lib\third_party\JoltPhysics\Jolt\Core\Profiler.h">
      <Filter>Core</Filter>
    </ClInclude>
    <ClInclude Include="E:\other projects\CSyren\lib\third_party\JoltPhysics\Jolt\Core\Profiler.inl">
      <Filter>Core</Filter>
    </ClInclude>
    <ClInclude Include="E:\other projects\CSyren\lib\third_party\JoltPhysics\Jolt\Core\QuickSort.h">
      <Filter>Core</Filter>
    </ClInclude>
    <ClInclude Include="E:\other projects\CSyren\lib\third_party\JoltPhysics\Jolt\Core\Reference.h">
      <Filter>Core</Filter>
    </ClInclude>
    <ClInclude Include="E:\other projects\CSyren\lib\third_party\JoltPhysics\Jolt\Core\Result.h">
      <Filter>Core</Filter>
    </ClInclude>
    <ClInclude Include="E:\other projects\CSyren\lib\third_party\JoltPhysics\Jolt\Core\RTTI.h">
      <Filter>Core</Filter>
    </ClInclude>
    <ClInclude Include="E:\other projects\CSyren\lib\third_party\JoltPhysics\Jolt\Core\ScopeExit.h">
      <Filter>Core</Filter>
    </ClInclude>
    <ClInclude Include="E:\other projects\CSyren\lib\third_party\JoltPhysics\Jolt\Core\Semaphore.h">
      <Filter>Core</Filter>
    </ClInclude>
    <ClInclude Include="E:\other projects\CSyren\lib\third_party\JoltPhysics\Jolt\Core\StaticArray.h">
      <Filter>Core</Filter>
    </ClInclude>
    <ClInclude Include="E:\other projects\CSyren\lib\third_party\JoltPhysics\Jolt\Core\STLAlignedAllocator.h">
      <Filter>Core</Filter>
    </ClInclude>
    <ClInclude Include="E:\other projects\CSyren\lib\third_party\JoltPhysics\Jolt\Core\STLAllocator.h">
      <Filter>Core</Filter>
    </ClInclude>
    <ClInclude Include="E:\other projects\CSyren\lib\third_party\JoltPhysics\Jolt\Core\STLLocalAllocator.h">
      <Filter>Core</Filter>
    </ClInclude>
    <ClInclude Include="E:\other projects\CSyren\lib\third_party\JoltPhysics\Jolt\Core\STLTempAllocator.h">
      <Filter>Core</Filter>
    </ClInclude>
    <ClInclude Include="E:\other projects\CSyren\lib\third_party\JoltPhysics\Jolt\Core\StreamIn.h">
      <Filter>Core</Filter>
    </ClInclude>
    <ClInclude Include="E:\other projects\CSyren\lib\third_party\JoltPhysics\Jolt\Core\StreamOut.h">
      <Filter>Core</Filter>
    </ClInclude>
    <ClInclude Include="E:\other projects\CSyren\lib\third_party\JoltPhysics\Jolt\Core\StreamUtils.h">
      <Filter>Core</Filter>
    </ClInclude>
    <ClInclude Include="E:\other projects\CSyren\lib\third_party\JoltPhysics\Jolt\Core\StreamWrapper.h">
      <Filter>Core</Filter>
    </ClInclude>
    <ClInclude Include="E:\other projects\CSyren\lib\third_party\JoltPhysics\Jolt\Core\StridedPtr.h">
      <Filter>Core</Filter>
    </ClInclude>
    <ClInclude Include="E:\other projects\CSyren\lib\third_party\JoltPhysics\Jolt\Core\StringTools.h">
      <Filter>Core</Filter>
    </ClInclude>
    <ClInclude Include="E:\other projects\CSyren\lib\third_party\JoltPhysics\Jolt\Core\TempAllocator.h">
      <Filter>Core</Filter>
    </ClInclude>
    <ClInclude Include="E:\other projects\CSyren\lib\third_party\JoltPhysics\Jolt\Core\TickCounter.h">
      <Filter>Core</Filter>
    </ClInclude>
    <ClInclude Include="E:\other projects\CSyren\lib\third_party\JoltPhysics\Jolt\Core\UnorderedMap.h">
      <Filter>Core</Filter>
    </ClInclude>
    <ClInclude Include="E:\other projects\CSyren\lib\third_party\JoltPhysics\Jolt\Core\UnorderedSet.h">
      <Filter>Core</Filter>
    </ClInclude>
    <ClInclude Include="E:\other projects\CSyren\lib\third_party\JoltPhysics\Jolt\Geometry\AABox.h">
      <Filter>Geometry</Filter>
    </ClInclude>
    <ClInclude Include="E:\other projects\CSyren\lib\third_party\JoltPhysics\Jolt\Geometry\AABox4.h">
      <Filter>Geometry</Filter>
    </ClInclude>
    <ClInclude Include="E:\other projects\CSyren\lib\third_party\JoltPhysics\Jolt\Geometry\ClipPoly.h">
      <Filter>Geometry</Filter>
    </ClInclude>
    <ClInclude Include="E:\other projects\CSyren\lib\third_party\JoltPhysics\Jolt\Geometry\ClosestPoint.h">
      <Filter>Geometry</Filter>
    </ClInclude>
    <ClInclude Include="E:\other projects\CSyren\lib\third_party\JoltPhysics\Jolt\Geometry\ConvexHullBuilder.h">
      <Filter>Geometry</Filter>
    </ClInclude>
    <ClInclude Include="E:\other projects\CSyren\lib\third_party\JoltPhysics\Jolt\Geometry\ConvexHullBuilder2D.h">
      <Filter>Geometry</Filter>
    </ClInclude>
    <ClInclude Include="E:\other projects\CSyren\lib\third_party\JoltPhysics\Jolt\Geometry\ConvexSupport.h">
      <Filter>Geometry</Filter>
    </ClInclude>
    <ClInclude Include="E:\other projects\CSyren\lib\third_party\JoltPhysics\Jolt\Geometry\Ellipse.h">
      <Filter>Geometry</Filter>
    </ClInclude>
    <ClInclude Include="E:\other projects\CSyren\lib\third_party\JoltPhysics\Jolt\Geometry\EPAConvexHullBuilder.h">
      <Filter>Geometry</Filter>
    </ClInclude>
    <ClInclude Include="E:\other projects\CSyren\lib\third_party\JoltPhysics\Jolt\Geometry\EPAPenetrationDepth.h">
      <Filter>Geometry</Filter>
    </ClInclude>
    <ClInclude Include="E:\other projects\CSyren\lib\third_party\JoltPhysics\Jolt\Geometry\GJKClosestPoint.h">
      <Filter>Geometry</Filter>
    </ClInclude>
    <ClInclude Include="E:\other projects\CSyren\lib\third_party\JoltPhysics\Jolt\Geometry\IndexedTriangle.h">
      <Filter>Geometry</Filter>
    </ClInclude>
    <ClInclude Include="E:\other projects\CSyren\lib\third_party\JoltPhysics\Jolt\Geometry\Indexify.h">
      <Filter>Geometry</Filter>
    </ClInclude>
    <ClInclude Include="E:\other projects\CSyren\lib\third_party\JoltPhysics\Jolt\Geometry\MortonCode.h">
      <Filter>Geometry</Filter>
    </ClInclude>
    <ClInclude Include="E:\other projects\CSyren\lib\third_party\JoltPhysics\Jolt\Geometry\OrientedBox.h">
      <Filter>Geometry</Filter>
    </ClInclude>
    <ClInclude Include="E:\other projects\CSyren\lib\third_party\JoltPhysics\Jolt\Geometry\Plane.h">
      <Filter>Geometry</Filter>
    </ClInclude>
    <ClInclude Include="E:\other projects\CSyren\lib\third_party\JoltPhysics\Jolt\Geometry\RayAABox.h">
      <Filter>Geometry</Filter>
    </ClInclude>
    <ClInclude Include="E:\other projects\CSyren\lib\third_party\JoltPhysics\Jolt\Geometry\RayCapsule.h">
      <Filter>Geometry</Filter>
    </ClInclude>
    <ClInclude Include="E:\other projects\CSyren\lib\third_party\JoltPhysics\Jolt\Geometry\RayCylinder.h">
      <Filter>Geometry</Filter>
    </ClInclude>
    <ClInclude Include="E:\other projects\CSyren\lib\third_party\JoltPhysics\Jolt\Geometry\RaySphere.h">
      <Filter>Geometry</Filter>
    </ClInclude>
    <ClInclude Include="E:\other projects\CSyren\lib\third_party\JoltPhysics\Jolt\Geometry\RayTriangle.h">
      <Filter>Geometry</Filter>
    </ClInclude>
    <ClInclude Include="E:\other projects\CSyren\lib\third_party\JoltPhysics\Jolt\Geometry\Sphere.h">
      <Filter>Geometry</Filter>
    </ClInclude>
    <ClInclude Include="E:\other projects\CSyren\lib\third_party\JoltPhysics\Jolt\Geometry\Triangle.h">
      <Filter>Geometry</Filter>
    </ClInclude>
    <ClInclude Include="E:\other projects\CSyren\lib\third_party\JoltPhysics\Jolt\Jolt.h" />
    <ClInclude Include="E:\other projects\CSyren\lib\third_party\JoltPhysics\Jolt\Math\BVec16.h">
      <Filter>Math</Filter>
    </ClInclude>
    <ClInclude Include="E:\other projects\CSyren\lib\third_party\JoltPhysics\Jolt\Math\BVec16.inl">
      <Filter>Math</Filter>
    </ClInclude>
    <ClInclude Include="E:\other projects\CSyren\lib\third_party\JoltPhysics\Jolt\Math\DMat44.h">
      <Filter>Math</Filter>
    </ClInclude>
    <ClInclude Include="E:\other projects\CSyren\lib\third_party\JoltPhysics\Jolt\Math\DMat44.inl">
      <Filter>Math</Filter>
    </ClInclude>
    <ClInclude Include="E:\other projects\CSyren\lib\third_party\JoltPhysics\Jolt\Math\Double3.h">
      <Filter>Math</Filter>
    </ClInclude>
    <ClInclude Include="E:\other projects\CSyren\lib\third_party\JoltPhysics\Jolt\Math\DVec3.h">
      <Filter>Math</Filter>
    </ClInclude>
    <ClInclude Include="E:\other projects\CSyren\lib\third_party\JoltPhysics\Jolt\Math\DVec3.inl">
      <Filter>Math</Filter>
    </ClInclude>
    <ClInclude Include="E:\other projects\CSyren\lib\third_party\JoltPhysics\Jolt\Math\DynMatrix.h">
      <Filter>Math</Filter>
    </ClInclude>
    <ClInclude Include="E:\other projects\CSyren\lib\third_party\JoltPhysics\Jolt\Math\EigenValueSymmetric.h">
      <Filter>Math</Filter>
    </ClInclude>
    <ClInclude Include="E:\other projects\CSyren\lib\third_party\JoltPhysics\Jolt\Math\FindRoot.h">
      <Filter>Math</Filter>
    </ClInclude>
    <ClInclude Include="E:\other projects\CSyren\lib\third_party\JoltPhysics\Jolt\Math\Float2.h">
      <Filter>Math</Filter>
    </ClInclude>
    <ClInclude Include="E:\other projects\CSyren\lib\third_party\JoltPhysics\Jolt\Math\Float3.h">
      <Filter>Math</Filter>
    </ClInclude>
    <ClInclude Include="E:\other projects\CSyren\lib\third_party\JoltPhysics\Jolt\Math\Float4.h">
      <Filter>Math</Filter>
    </ClInclude>
    <ClInclude Include="E:\other projects\CSyren\lib\third_party\JoltPhysics\Jolt\Math\GaussianElimination.h">
      <Filter>Math</Filter>
    </ClInclude>
    <ClInclude Include="E:\other projects\CSyren\lib\third_party\JoltPhysics\Jolt\Math\HalfFloat.h">
      <Filter>Math</Filter>
    </ClInclude>
    <ClInclude Include="E:\other projects\CSyren\lib\third_party\JoltPhysics\Jolt\Math\Mat44.h">
      <Filter>Math</Filter>
    </ClInclude>
    <ClInclude Include="E:\other projects\CSyren\lib\third_party\JoltPhysics\Jolt\Math\Mat44.inl">
      <Filter>Math</Filter>
    </ClInclude>
    <ClInclude Include="E:\other projects\CSyren\lib\third_party\JoltPhysics\Jolt\Math\Math.h">
      <Filter>Math</Filter>
    </ClInclude>
    <ClInclude Include="E:\other projects\CSyren\lib\third_party\JoltPhysics\Jolt\Math\MathTypes.h">
      <Filter>Math</Filter>
    </ClInclude>
    <ClInclude Include="E:\other projects\CSyren\lib\third_party\JoltPhysics\Jolt\Math\Matrix.h">
      <Filter>Math</Filter>
    </ClInclude>
    <ClInclude Include="E:\other projects\CSyren\lib\third_party\JoltPhysics\Jolt\Math\Quat.h">
      <Filter>Math</Filter>
    </ClInclude>
    <ClInclude Include="E:\other projects\CSyren\lib\third_party\JoltPhysics\Jolt\Math\Quat.inl">
      <Filter>Math</Filter>
    </ClInclude>
    <ClInclude Include="E:\other projects\CSyren\lib\third_party\JoltPhysics\Jolt\Math\Real.h">
      <Filter>Math</Filter>
    </ClInclude>
    <ClInclude Include="E:\other projects\CSyren\lib\third_party\JoltPhysics\Jolt\Math\Swizzle.h">
      <Filter>Math</Filter>
    </ClInclude>
    <ClInclude Include="E:\other projects\CSyren\lib\third_party\JoltPhysics\Jolt\Math\Trigonometry.h">
      <Filter>Math</Filter>
    </ClInclude>
    <ClInclude Include="E:\other projects\CSyren\lib\third_party\JoltPhysics\Jolt\Math\UVec4.h">
      <Filter>Math</Filter>
    </ClInclude>
    <ClInclude Include="E:\other projects\CSyren\lib\third_party\JoltPhysics\Jolt\Math\UVec4.inl">
      <Filter>Math</Filter>
    </ClInclude>
    <ClInclude Include="E:\other projects\CSyren\lib\third_party\JoltPhysics\Jolt\Math\Vec3.h">
      <Filter>Math</Filter>
    </ClInclude>
    <ClInclude Include="E:\other projects\CSyren\lib\third_party\JoltPhysics\Jolt\Math\Vec3.inl">
      <Filter>Math</Filter>
    </ClInclude>
    <ClInclude Include="E:\other projects\CSyren\lib\third_party\JoltPhysics\Jolt\Math\Vec4.h">
      <Filter>Math</Filter>
    </ClInclude>
    <ClInclude Include="E:\other projects\CSyren\lib\third_party\JoltPhysics\Jolt\Math\Vec4.inl">
      <Filter>Math</Filter>
    </ClInclude>
    <ClInclude Include="E:\other projects\CSyren\lib\third_party\JoltPhysics\Jolt\Math\Vector.h">
      <Filter>Math</Filter>
    </ClInclude>
    <ClInclude Include="E:\other projects\CSyren\lib\third_party\JoltPhysics\Jolt\ObjectStream\ObjectStream.h">
      <Filter>ObjectStream</Filter>
    </ClInclude>
    <ClInclude Include="E:\other projects\CSyren\lib\third_party\JoltPhysics\Jolt\ObjectStream\SerializableAttribute.h">
      <Filter>ObjectStream</Filter>
    </ClInclude>
    <ClInclude Include="E:\other projects\CSyren\lib\third_party\JoltPhysics\Jolt\ObjectStream\SerializableAttributeEnum.h">
      <Filter>ObjectStream</Filter>
    </ClInclude>
    <ClInclude Include="E:\other projects\CSyren\lib\third_party\JoltPhysics\Jolt\ObjectStream\SerializableAttributeTyped.h">
      <Filter>ObjectStream</Filter>
    </ClInclude>
    <ClInclude Include="E:\other projects\CSyren\lib\third_party\JoltPhysics\Jolt\ObjectStream\SerializableObject.h">
      <Filter>ObjectStream</Filter>
    </ClInclude>
    <ClInclude Include="E:\other projects\CSyren\lib\third_party\JoltPhysics\Jolt\ObjectStream\TypeDeclarations.h">
      <Filter>ObjectStream</Filter>
    </ClInclude>
    <ClInclude Include="E:\other projects\CSyren\lib\third_party\JoltPhysics\Jolt\Physics\Body\AllowedDOFs.h">
      <Filter>Physics\Body</Filter>
    </ClInclude>
    <ClInclude Include="E:\other projects\CSyren\lib\third_party\JoltPhysics\Jolt\Physics\Body\Body.h">
      <Filter>Physics\Body</Filter>
    </ClInclude>
    <ClInclude Include="E:\other projects\CSyren\lib\third_party\JoltPhysics\Jolt\Physics\Body\Body.inl">
      <Filter>Physics\Body</Filter>
    </ClInclude>
    <ClInclude Include="E:\other projects\CSyren\lib\third_party\JoltPhysics\Jolt\Physics\Body\BodyAccess.h">
      <Filter>Physics\Body</Filter>
    </ClInclude>
    <ClInclude Include="E:\other projects\CSyren\lib\third_party\JoltPhysics\Jolt\Physics\Body\BodyActivationListener.h">
      <Filter>Physics\Body</Filter>
    </ClInclude>
    <ClInclude Include="E:\other projects\CSyren\lib\third_party\JoltPhysics\Jolt\Physics\Body\BodyCreationSettings.h">
      <Filter>Physics\Body</Filter>
    </ClInclude>
    <ClInclude Include="E:\other projects\CSyren\lib\third_party\JoltPhysics\Jolt\Physics\Body\BodyFilter.h">
      <Filter>Physics\Body</Filter>
    </ClInclude>
    <ClInclude Include="E:\other projects\CSyren\lib\third_party\JoltPhysics\Jolt\Physics\Body\BodyID.h">
      <Filter>Physics\Body</Filter>
    </ClInclude>
    <ClInclude Include="E:\other projects\CSyren\lib\third_party\JoltPhysics\Jolt\Physics\Body\BodyInterface.h">
      <Filter>Physics\Body</Filter>
    </ClInclude>
    <ClInclude Include="E:\other projects\CSyren\lib\third_party\JoltPhysics\Jolt\Physics\Body\BodyLock.h">
      <Filter>Physics\Body</Filter>
    </ClInclude>
    <ClInclude Include="E:\other projects\CSyren\lib\third_party\JoltPhysics\Jolt\Physics\Body\BodyLockInterface.h">
      <Filter>Physics\Body</Filter>
    </ClInclude>
    <ClInclude Include="E:\other projects\CSyren\lib\third_party\JoltPhysics\Jolt\Physics\Body\BodyLockMulti.h">
      <Filter>Physics\Body</Filter>
    </ClInclude>
    <ClInclude Include="E:\other projects\CSyren\lib\third_party\JoltPhysics\Jolt\Physics\Body\BodyManager.h">
      <Filter>Physics\Body</Filter>
    </ClInclude>
    <ClInclude Include="E:\other projects\CSyren\lib\third_party\JoltPhysics\Jolt\Physics\Body\BodyPair.h">
      <Filter>Physics\Body</Filter>
    </ClInclude>
    <ClInclude Include="E:\other projects\CSyren\lib\third_party\JoltPhysics\Jolt\Physics\Body\BodyType.h">
      <Filter>Physics\Body</Filter>
    </ClInclude>
    <ClInclude Include="E:\other projects\CSyren\lib\third_party\JoltPhysics\Jolt\Physics\Body\MassProperties.h">
      <Filter>Physics\Body</Filter>
    </ClInclude>
    <ClInclude Include="E:\other projects\CSyren\lib\third_party\JoltPhysics\Jolt\Physics\Body\MotionProperties.h">
      <Filter>Physics\Body</Filter>
    </ClInclude>
    <ClInclude Include="E:\other projects\CSyren\lib\third_party\JoltPhysics\Jolt\Physics\Body\MotionProperties.inl">
      <Filter>Physics\Body</Filter>
    </ClInclude>
    <ClInclude Include="E:\other projects\CSyren\lib\third_party\JoltPhysics\Jolt\Physics\Body\MotionQuality.h">
      <Filter>Physics\Body</Filter>
    </ClInclude>
    <ClInclude Include="E:\other projects\CSyren\lib\third_party\JoltPhysics\Jolt\Physics\Body\MotionType.h">
      <Filter>Physics\Body</Filter>
    </ClInclude>
    <ClInclude Include="E:\other projects\CSyren\lib\third_party\JoltPhysics\Jolt\Physics\Character\Character.h">
      <Filter>Physics\Character</Filter>
    </ClInclude>
    <ClInclude Include="E:\other projects\CSyren\lib\third_party\JoltPhysics\Jolt\Physics\Character\CharacterBase.h">
      <Filter>Physics\Character</Filter>
    </ClInclude>
    <ClInclude Include="E:\other projects\CSyren\lib\third_party\JoltPhysics\Jolt\Physics\Character\CharacterID.h">
      <Filter>Physics\Character</Filter>
    </ClInclude>
    <ClInclude Include="E:\other projects\CSyren\lib\third_party\JoltPhysics\Jolt\Physics\Character\CharacterVirtual.h">
      <Filter>Physics\Character</Filter>
    </ClInclude>
    <ClInclude Include="E:\other projects\CSyren\lib\third_party\JoltPhysics\Jolt\Physics\Collision\AABoxCast.h">
      <Filter>Physics\Collision</Filter>
    </ClInclude>
    <ClInclude Include="E:\other projects\CSyren\lib\third_party\JoltPhysics\Jolt\Physics\Collision\ActiveEdgeMode.h">
      <Filter>Physics\Collision</Filter>
    </ClInclude>
    <ClInclude Include="E:\other projects\CSyren\lib\third_party\JoltPhysics\Jolt\Physics\Collision\ActiveEdges.h">
      <Filter>Physics\Collision</Filter>
    </ClInclude>
    <ClInclude Include="E:\other projects\CSyren\lib\third_party\JoltPhysics\Jolt\Physics\Collision\BackFaceMode.h">
      <Filter>Physics\Collision</Filter>
    </ClInclude>
    <ClInclude Include="E:\other projects\CSyren\lib\third_party\JoltPhysics\Jolt\Physics\Collision\BroadPhase\BroadPhase.h">
      <Filter>Physics\Collision\BroadPhase</Filter>
    </ClInclude>
    <ClInclude Include="E:\other projects\CSyren\lib\third_party\JoltPhysics\Jolt\Physics\Collision\BroadPhase\BroadPhaseBruteForce.h">
      <Filter>Physics\Collision\BroadPhase</Filter>
    </ClInclude>
    <ClInclude Include="E:\other projects\CSyren\lib\third_party\JoltPhysics\Jolt\Physics\Collision\BroadPhase\BroadPhaseLayer.h">
      <Filter>Physics\Collision\BroadPhase</Filter>
    </ClInclude>
    <ClInclude Include="E:\other projects\CSyren\lib\third_party\JoltPhysics\Jolt\Physics\Collision\BroadPhase\BroadPhaseLayerInterfaceMask.h">
      <Filter>Physics\Collision\BroadPhase</Filter>
    </ClInclude>
    <ClInclude Include="E:\other projects\CSyren\lib\third_party\JoltPhysics\Jolt\Physics\Collision\BroadPhase\BroadPhaseLayerInterfaceTable.h">
      <Filter>Physics\Collision\BroadPhase</Filter>
    </ClInclude>
    <ClInclude Include="E:\other projects\CSyren\lib\third_party\JoltPhysics\Jolt\Physics\Collision\BroadPhase\BroadPhaseQuadTree.h">
      <Filter>Physics\Collision\BroadPhase</Filter>
    </ClInclude>
    <ClInclude Include="E:\other projects\CSyren\lib\third_party\JoltPhysics\Jolt\Physics\Collision\BroadPhase\BroadPhaseQuery.h">
      <Filter>Physics\Collision\BroadPhase</Filter>
    </ClInclude>
    <ClInclude Include="E:\other projects\CSyren\lib\third_party\JoltPhysics\Jolt\Physics\Collision\BroadPhase\ObjectVsBroadPhaseLayerFilterMask.h">
      <Filter>Physics\Collision\BroadPhase</Filter>
    </ClInclude>
    <ClInclude Include="E:\other projects\CSyren\lib\third_party\JoltPhysics\Jolt\Physics\Collision\BroadPhase\ObjectVsBroadPhaseLayerFilterTable.h">
      <Filter>Physics\Collision\BroadPhase</Filter>
    </ClInclude>
    <ClInclude Include="E:\other projects\CSyren\lib\third_party\JoltPhysics\Jolt\Physics\Collision\BroadPhase\QuadTree.h">
      <Filter>Physics\Collision\BroadPhase</Filter>
    </ClInclude>
    <ClInclude Include="E:\other projects\CSyren\lib\third_party\JoltPhysics\Jolt\Physics\Collision\CastConvexVsTriangles.h">
      <Filter>Physics\Collision</Filter>
    </ClInclude>
    <ClInclude Include="E:\other projects\CSyren\lib\third_party\JoltPhysics\Jolt\Physics\Collision\CastResult.h">
      <Filter>Physics\Collision</Filter>
    </ClInclude>
    <ClInclude Include="E:\other projects\CSyren\lib\third_party\JoltPhysics\Jolt\Physics\Collision\CastSphereVsTriangles.h">
      <Filter>Physics\Collision</Filter>
    </ClInclude>
    <ClInclude Include="E:\other projects\CSyren\lib\third_party\JoltPhysics\Jolt\Physics\Collision\CollectFacesMode.h">
      <Filter>Physics\Collision</Filter>
    </ClInclude>
    <ClInclude Include="E:\other projects\CSyren\lib\third_party\JoltPhysics\Jolt\Physics\Collision\CollideConvexVsTriangles.h">
      <Filter>Physics\Collision</Filter>
    </ClInclude>
    <ClInclude Include="E:\other projects\CSyren\lib\third_party\JoltPhysics\Jolt\Physics\Collision\CollidePointResult.h">
      <Filter>Physics\Collision</Filter>
    </ClInclude>
    <ClInclude Include="E:\other projects\CSyren\lib\third_party\JoltPhysics\Jolt\Physics\Collision\CollideShape.h">
      <Filter>Physics\Collision</Filter>
    </ClInclude>
    <ClInclude Include="E:\other projects\CSyren\lib\third_party\JoltPhysics\Jolt\Physics\Collision\CollideShapeVsShapePerLeaf.h">
      <Filter>Physics\Collision</Filter>
    </ClInclude>
    <ClInclude Include="E:\other projects\CSyren\lib\third_party\JoltPhysics\Jolt\Physics\Collision\CollideSoftBodyVertexIterator.h">
      <Filter>Physics\Collision</Filter>
    </ClInclude>
    <ClInclude Include="E:\other projects\CSyren\lib\third_party\JoltPhysics\Jolt\Physics\Collision\CollideSoftBodyVerticesVsTriangles.h">
      <Filter>Physics\Collision</Filter>
    </ClInclude>
    <ClInclude Include="E:\other projects\CSyren\lib\third_party\JoltPhysics\Jolt\Physics\Collision\CollideSphereVsTriangles.h">
      <Filter>Physics\Collision</Filter>
    </ClInclude>
    <ClInclude Include="E:\other projects\CSyren\lib\third_party\JoltPhysics\Jolt\Physics\Collision\CollisionCollector.h">
      <Filter>Physics\Collision</Filter>
    </ClInclude>
    <ClInclude Include="E:\other projects\CSyren\lib\third_party\JoltPhysics\Jolt\Physics\Collision\CollisionCollectorImpl.h">
      <Filter>Physics\Collision</Filter>
    </ClInclude>
    <ClInclude Include="E:\other projects\CSyren\lib\third_party\JoltPhysics\Jolt\Physics\Collision\CollisionDispatch.h">
      <Filter>Physics\Collision</Filter>
    </ClInclude>
    <ClInclude Include="E:\other projects\CSyren\lib\third_party\JoltPhysics\Jolt\Physics\Collision\CollisionGroup.h">
      <Filter>Physics\Collision</Filter>
    </ClInclude>
    <ClInclude Include="E:\other projects\CSyren\lib\third_party\JoltPhysics\Jolt\Physics\Collision\ContactListener.h">
      <Filter>Physics\Collision</Filter>
    </ClInclude>
    <ClInclude Include="E:\other projects\CSyren\lib\third_party\JoltPhysics\Jolt\Physics\Collision\EstimateCollisionResponse.h">
      <Filter>Physics\Collision</Filter>
    </ClInclude>
    <ClInclude Include="E:\other projects\CSyren\lib\third_party\JoltPhysics\Jolt\Physics\Collision\GroupFilter.h">
      <Filter>Physics\Collision</Filter>
    </ClInclude>
    <ClInclude Include="E:\other projects\CSyren\lib\third_party\JoltPhysics\Jolt\Physics\Collision\GroupFilterTable.h">
      <Filter>Physics\Collision</Filter>
    </ClInclude>
    <ClInclude Include="E:\other projects\CSyren\lib\third_party\JoltPhysics\Jolt\Physics\Collision\InternalEdgeRemovingCollector.h">
      <Filter>Physics\Collision</Filter>
    </ClInclude>
    <ClInclude Include="E:\other projects\CSyren\lib\third_party\JoltPhysics\Jolt\Physics\Collision\ManifoldBetweenTwoFaces.h">
      <Filter>Physics\Collision</Filter>
    </ClInclude>
    <ClInclude Include="E:\other projects\CSyren\lib\third_party\JoltPhysics\Jolt\Physics\Collision\NarrowPhaseQuery.h">
      <Filter>Physics\Collision</Filter>
    </ClInclude>
    <ClInclude Include="E:\other projects\CSyren\lib\third_party\JoltPhysics\Jolt\Physics\Collision\NarrowPhaseStats.h">
      <Filter>Physics\Collision</Filter>
    </ClInclude>
    <ClInclude Include="E:\other projects\CSyren\lib\third_party\JoltPhysics\Jolt\Physics\Collision\ObjectLayer.h">
      <Filter>Physics\Collision</Filter>
    </ClInclude>
    <ClInclude Include="E:\other projects\CSyren\lib\third_party\JoltPhysics\Jolt\Physics\Collision\ObjectLayerPairFilterMask.h">
      <Filter>Physics\Collision</Filter>
    </ClInclude>
    <ClInclude Include="E:\other projects\CSyren\lib\third_party\JoltPhysics\Jolt\Physics\Collision\ObjectLayerPairFilterTable.h">
      <Filter>Physics\Collision</Filter>
    </ClInclude>
    <ClInclude Include="E:\other projects\CSyren\lib\third_party\JoltPhysics\Jolt\Physics\Collision\PhysicsMaterial.h">
      <Filter>Physics\Collision</Filter>
    </ClInclude>
    <ClInclude Include="E:\other projects\CSyren\lib\third_party\JoltPhysics\Jolt\Physics\Collision\PhysicsMaterialSimple.h">
      <Filter>Physics\Collision</Filter>
    </ClInclude>
    <ClInclude Include="E:\other projects\CSyren\lib\third_party\JoltPhysics\Jolt\Physics\Collision\RayCast.h">
      <Filter>Physics\Collision</Filter>
    </ClInclude>
    <ClInclude Include="E:\other projects\CSyren\lib\third_party\JoltPhysics\Jolt\Physics\Collision\Shape\BoxShape.h">
      <Filter>Physics\Collision\Shape</Filter>
    </ClInclude>
    <ClInclude Include="E:\other projects\CSyren\lib\third_party\JoltPhysics\Jolt\Physics\Collision\Shape\CapsuleShape.h">
      <Filter>Physics\Collision\Shape</Filter>
    </ClInclude>
    <ClInclude Include="E:\other projects\CSyren\lib\third_party\JoltPhysics\Jolt\Physics\Collision\Shape\CompoundShape.h">
      <Filter>Physics\Collision\Shape</Filter>
    </ClInclude>
    <ClInclude Include="E:\other projects\CSyren\lib\third_party\JoltPhysics\Jolt\Physics\Collision\Shape\CompoundShapeVisitors.h">
      <Filter>Physics\Collision\Shape</Filter>
    </ClInclude>
    <ClInclude Include="E:\other projects\CSyren\lib\third_party\JoltPhysics\Jolt\Physics\Collision\Shape\ConvexHullShape.h">
      <Filter>Physics\Collision\Shape</Filter>
    </ClInclude>
    <ClInclude Include="E:\other projects\CSyren\lib\third_party\JoltPhysics\Jolt\Physics\Collision\Shape\ConvexShape.h">
      <Filter>Physics\Collision\Shape</Filter>
    </ClInclude>
    <ClInclude Include="E:\other projects\CSyren\lib\third_party\JoltPhysics\Jolt\Physics\Collision\Shape\CylinderShape.h">
      <Filter>Physics\Collision\Shape</Filter>
    </ClInclude>
    <ClInclude Include="E:\other projects\CSyren\lib\third_party\JoltPhysics\Jolt\Physics\Collision\Shape\DecoratedShape.h">
      <Filter>Physics\Collision\Shape</Filter>
    </ClInclude>
    <ClInclude Include="E:\other projects\CSyren\lib\third_party\JoltPhysics\Jolt\Physics\Collision\Shape\EmptyShape.h">
      <Filter>Physics\Collision\Shape</Filter>
    </ClInclude>
    <ClInclude Include="E:\other projects\CSyren\lib\third_party\JoltPhysics\Jolt\Physics\Collision\Shape\GetTrianglesContext.h">
      <Filter>Physics\Collision\Shape</Filter>
    </ClInclude>
    <ClInclude Include="E:\other projects\CSyren\lib\third_party\JoltPhysics\Jolt\Physics\Collision\Shape\HeightFieldShape.h">
      <Filter>Physics\Collision\Shape</Filter>
    </ClInclude>
    <ClInclude Include="E:\other projects\CSyren\lib\third_party\JoltPhysics\Jolt\Physics\Collision\Shape\MeshShape.h">
      <Filter>Physics\Collision\Shape</Filter>
    </ClInclude>
    <ClInclude Include="E:\other projects\CSyren\lib\third_party\JoltPhysics\Jolt\Physics\Collision\Shape\MutableCompoundShape.h">
      <Filter>Physics\Collision\Shape</Filter>
    </ClInclude>
    <ClInclude Include="E:\other projects\CSyren\lib\third_party\JoltPhysics\Jolt\Physics\Collision\Shape\OffsetCenterOfMassShape.h">
      <Filter>Physics\Collision\Shape</Filter>
    </ClInclude>
    <ClInclude Include="E:\other projects\CSyren\lib\third_party\JoltPhysics\Jolt\Physics\Collision\Shape\PlaneShape.h">
      <Filter>Physics\Collision\Shape</Filter>
    </ClInclude>
    <ClInclude Include="E:\other projects\CSyren\lib\third_party\JoltPhysics\Jolt\Physics\Collision\Shape\PolyhedronSubmergedVolumeCalculator.h">
      <Filter>Physics\Collision\Shape</Filter>
    </ClInclude>
    <ClInclude Include="E:\other projects\CSyren\lib\third_party\JoltPhysics\Jolt\Physics\Collision\Shape\RotatedTranslatedShape.h">
      <Filter>Physics\Collision\Shape</Filter>
    </ClInclude>
    <ClInclude Include="E:\other projects\CSyren\lib\third_party\JoltPhysics\Jolt\Physics\Collision\Shape\ScaledShape.h">
      <Filter>Physics\Collision\Shape</Filter>
    </ClInclude>
    <ClInclude Include="E:\other projects\CSyren\lib\third_party\JoltPhysics\Jolt\Physics\Collision\Shape\ScaleHelpers.h">
      <Filter>Physics\Collision\Shape</Filter>
    </ClInclude>
    <ClInclude Include="E:\other projects\CSyren\lib\third_party\JoltPhysics\Jolt\Physics\Collision\Shape\Shape.h">
      <Filter>Physics\Collision\Shape</Filter>
    </ClInclude>
    <ClInclude Include="E:\other projects\CSyren\lib\third_party\JoltPhysics\Jolt\Physics\Collision\Shape\SphereShape.h">
      <Filter>Physics\Collision\Shape</Filter>
    </ClInclude>
    <ClInclude Include="E:\other projects\CSyren\lib\third_party\JoltPhysics\Jolt\Physics\Collision\Shape\StaticCompoundShape.h">
      <Filter>Physics\Collision\Shape</Filter>
    </ClInclude>
    <ClInclude Include="E:\other projects\CSyren\lib\third_party\JoltPhysics\Jolt\Physics\Collision\Shape\SubShapeID.h">
      <Filter>Physics\Collision\Shape</Filter>
    </ClInclude>
    <ClInclude Include="E:\other projects\CSyren\lib\third_party\JoltPhysics\Jolt\Physics\Collision\Shape\SubShapeIDPair.h">
      <Filter>Physics\Collision\Shape</Filter>
    </ClInclude>
    <ClInclude Include="E:\other projects\CSyren\lib\third_party\JoltPhysics\Jolt\Physics\Collision\Shape\TaperedCapsuleShape.h">
      <Filter>Physics\Collision\Shape</Filter>
    </ClInclude>
    <ClInclude Include="E:\other projects\CSyren\lib\third_party\JoltPhysics\Jolt\Physics\Collision\Shape\TaperedCylinderShape.h">
      <Filter>Physics\Collision\Shape</Filter>
    </ClInclude>
    <ClInclude Include="E:\other projects\CSyren\lib\third_party\JoltPhysics\Jolt\Physics\Collision\Shape\TriangleShape.h">
      <Filter>Physics\Collision\Shape</Filter>
    </ClInclude>
    <ClInclude Include="E:\other projects\CSyren\lib\third_party\JoltPhysics\Jolt\Physics\Collision\ShapeCast.h">
      <Filter>Physics\Collision</Filter>
    </ClInclude>
    <ClInclude Include="E:\other projects\CSyren\lib\third_party\JoltPhysics\Jolt\Physics\Collision\ShapeFilter.h">
      <Filter>Physics\Collision</Filter>
    </ClInclude>
    <ClInclude Include="E:\other projects\CSyren\lib\third_party\JoltPhysics\Jolt\Physics\Collision\SimShapeFilter.h">
      <Filter>Physics\Collision</Filter>
    </ClInclude>
    <ClInclude Include="E:\other projects\CSyren\lib\third_party\JoltPhysics\Jolt\Physics\Collision\SimShapeFilterWrapper.h">
      <Filter>Physics\Collision</Filter>
    </ClInclude>
    <ClInclude Include="E:\other projects\CSyren\lib\third_party\JoltPhysics\Jolt\Physics\Collision\SortReverseAndStore.h">
      <Filter>Physics\Collision</Filter>
    </ClInclude>
    <ClInclude Include="E:\other projects\CSyren\lib\third_party\JoltPhysics\Jolt\Physics\Collision\TransformedShape.h">
      <Filter>Physics\Collision</Filter>
    </ClInclude>
    <ClInclude Include="E:\other projects\CSyren\lib\third_party\JoltPhysics\Jolt\Physics\Constraints\CalculateSolverSteps.h">
      <Filter>Physics\Constraints</Filter>
    </ClInclude>
    <ClInclude Include="E:\other projects\CSyren\lib\third_party\JoltPhysics\Jolt\Physics\Constraints\ConeConstraint.h">
      <Filter>Physics\Constraints</Filter>
    </ClInclude>
    <ClInclude Include="E:\other projects\CSyren\lib\third_party\JoltPhysics\Jolt\Physics\Constraints\Constraint.h">
      <Filter>Physics\Constraints</Filter>
    </ClInclude>
    <ClInclude Include="E:\other projects\CSyren\lib\third_party\JoltPhysics\Jolt\Physics\Constraints\ConstraintManager.h">
      <Filter>Physics\Constraints</Filter>
    </ClInclude>
    <ClInclude Include="E:\other projects\CSyren\lib\third_party\JoltPhysics\Jolt\Physics\Constraints\ConstraintPart\AngleConstraintPart.h">
      <Filter>Physics\Constraints\ConstraintPart</Filter>
    </ClInclude>
    <ClInclude Include="E:\other projects\CSyren\lib\third_party\JoltPhysics\Jolt\Physics\Constraints\ConstraintPart\AxisConstraintPart.h">
      <Filter>Physics\Constraints\ConstraintPart</Filter>
    </ClInclude>
    <ClInclude Include="E:\other projects\CSyren\lib\third_party\JoltPhysics\Jolt\Physics\Constraints\ConstraintPart\DualAxisConstraintPart.h">
      <Filter>Physics\Constraints\ConstraintPart</Filter>
    </ClInclude>
    <ClInclude Include="E:\other projects\CSyren\lib\third_party\JoltPhysics\Jolt\Physics\Constraints\ConstraintPart\GearConstraintPart.h">
      <Filter>Physics\Constraints\ConstraintPart</Filter>
    </ClInclude>
    <ClInclude Include="E:\other projects\CSyren\lib\third_party\JoltPhysics\Jolt\Physics\Constraints\ConstraintPart\HingeRotationConstraintPart.h">
      <Filter>Physics\Constraints\ConstraintPart</Filter>
    </ClInclude>
    <ClInclude Include="E:\other projects\CSyren\lib\third_party\JoltPhysics\Jolt\Physics\Constraints\ConstraintPart\IndependentAxisConstraintPart.h">
      <Filter>Physics\Constraints\ConstraintPart</Filter>
    </ClInclude>
    <ClInclude Include="E:\other projects\CSyren\lib\third_party\JoltPhysics\Jolt\Physics\Constraints\ConstraintPart\PointConstraintPart.h">
      <Filter>Physics\Constraints\ConstraintPart</Filter>
    </ClInclude>
    <ClInclude Include="E:\other projects\CSyren\lib\third_party\JoltPhysics\Jolt\Physics\Constraints\ConstraintPart\RackAndPinionConstraintPart.h">
      <Filter>Physics\Constraints\ConstraintPart</Filter>
    </ClInclude>
    <ClInclude Include="E:\other projects\CSyren\lib\third_party\JoltPhysics\Jolt\Physics\Constraints\ConstraintPart\RotationEulerConstraintPart.h">
      <Filter>Physics\Constraints\ConstraintPart</Filter>
    </ClInclude>
    <ClInclude Include="E:\other projects\CSyren\lib\third_party\JoltPhysics\Jolt\Physics\Constraints\ConstraintPart\RotationQuatConstraintPart.h">
      <Filter>Physics\Constraints\ConstraintPart</Filter>
    </ClInclude>
    <ClInclude Include="E:\other projects\CSyren\lib\third_party\JoltPhysics\Jolt\Physics\Constraints\ConstraintPart\SpringPart.h">
      <Filter>Physics\Constraints\ConstraintPart</Filter>
    </ClInclude>
    <ClInclude Include="E:\other projects\CSyren\lib\third_party\JoltPhysics\Jolt\Physics\Constraints\ConstraintPart\SwingTwistConstraintPart.h">
      <Filter>Physics\Constraints\ConstraintPart</Filter>
    </ClInclude>
    <ClInclude Include="E:\other projects\CSyren\lib\third_party\JoltPhysics\Jolt\Physics\Constraints\ContactConstraintManager.h">
      <Filter>Physics\Constraints</Filter>
    </ClInclude>
    <ClInclude Include="E:\other projects\CSyren\lib\third_party\JoltPhysics\Jolt\Physics\Constraints\DistanceConstraint.h">
      <Filter>Physics\Constraints</Filter>
    </ClInclude>
    <ClInclude Include="E:\other projects\CSyren\lib\third_party\JoltPhysics\Jolt\Physics\Constraints\FixedConstraint.h">
      <Filter>Physics\Constraints</Filter>
    </ClInclude>
    <ClInclude Include="E:\other projects\CSyren\lib\third_party\JoltPhysics\Jolt\Physics\Constraints\GearConstraint.h">
      <Filter>Physics\Constraints</Filter>
    </ClInclude>
    <ClInclude Include="E:\other projects\CSyren\lib\third_party\JoltPhysics\Jolt\Physics\Constraints\HingeConstraint.h">
      <Filter>Physics\Constraints</Filter>
    </ClInclude>
    <ClInclude Include="E:\other projects\CSyren\lib\third_party\JoltPhysics\Jolt\Physics\Constraints\MotorSettings.h">
      <Filter>Physics\Constraints</Filter>
    </ClInclude>
    <ClInclude Include="E:\other projects\CSyren\lib\third_party\JoltPhysics\Jolt\Physics\Constraints\PathConstraint.h">
      <Filter>Physics\Constraints</Filter>
    </ClInclude>
    <ClInclude Include="E:\other projects\CSyren\lib\third_party\JoltPhysics\Jolt\Physics\Constraints\PathConstraintPath.h">
      <Filter>Physics\Constraints</Filter>
    </ClInclude>
    <ClInclude Include="E:\other projects\CSyren\lib\third_party\JoltPhysics\Jolt\Physics\Constraints\PathConstraintPathHermite.h">
      <Filter>Physics\Constraints</Filter>
    </ClInclude>
    <ClInclude Include="E:\other projects\CSyren\lib\third_party\JoltPhysics\Jolt\Physics\Constraints\PointConstraint.h">
      <Filter>Physics\Constraints</Filter>
    </ClInclude>
    <ClInclude Include="E:\other projects\CSyren\lib\third_party\JoltPhysics\Jolt\Physics\Constraints\PulleyConstraint.h">
      <Filter>Physics\Constraints</Filter>
    </ClInclude>
    <ClInclude Include="E:\other projects\CSyren\lib\third_party\JoltPhysics\Jolt\Physics\Constraints\RackAndPinionConstraint.h">
      <Filter>Physics\Constraints</Filter>
    </ClInclude>
    <ClInclude Include="E:\other projects\CSyren\lib\third_party\JoltPhysics\Jolt\Physics\Constraints\SixDOFConstraint.h">
      <Filter>Physics\Constraints</Filter>
    </ClInclude>
    <ClInclude Include="E:\other projects\CSyren\lib\third_party\JoltPhysics\Jolt\Physics\Constraints\SliderConstraint.h">
      <Filter>Physics\Constraints</Filter>
    </ClInclude>
    <ClInclude Include="E:\other projects\CSyren\lib\third_party\JoltPhysics\Jolt\Physics\Constraints\SpringSettings.h">
      <Filter>Physics\Constraints</Filter>
    </ClInclude>
    <ClInclude Include="E:\other projects\CSyren\lib\third_party\JoltPhysics\Jolt\Physics\Constraints\SwingTwistConstraint.h">
      <Filter>Physics\Constraints</Filter>
    </ClInclude>
    <ClInclude Include="E:\other projects\CSyren\lib\third_party\JoltPhysics\Jolt\Physics\Constraints\TwoBodyConstraint.h">
      <Filter>Physics\Constraints</Filter>
    </ClInclude>
    <ClInclude Include="E:\other projects\CSyren\lib\third_party\JoltPhysics\Jolt\Physics\DeterminismLog.h">
      <Filter>Physics</Filter>
    </ClInclude>
    <ClInclude Include="E:\other projects\CSyren\lib\third_party\JoltPhysics\Jolt\Physics\EActivation.h">
      <Filter>Physics</Filter>
    </ClInclude>
    <ClInclude Include="E:\other projects\CSyren\lib\third_party\JoltPhysics\Jolt\Physics\EPhysicsUpdateError.h">
      <Filter>Physics</Filter>
    </ClInclude>
    <ClInclude Include="E:\other projects\CSyren\lib\third_party\JoltPhysics\Jolt\Physics\IslandBuilder.h">
      <Filter>Physics</Filter>
    </ClInclude>
    <ClInclude Include="E:\other projects\CSyren\lib\third_party\JoltPhysics\Jolt\Physics\LargeIslandSplitter.h">
      <Filter>Physics</Filter>
    </ClInclude>
    <ClInclude Include="E:\other projects\CSyren\lib\third_party\JoltPhysics\Jolt\Physics\PhysicsLock.h">
      <Filter>Physics</Filter>
    </ClInclude>
    <ClInclude Include="E:\other projects\CSyren\lib\third_party\JoltPhysics\Jolt\Physics\PhysicsScene.h">
      <Filter>Physics</Filter>
    </ClInclude>
    <ClInclude Include="E:\other projects\CSyren\lib\third_party\JoltPhysics\Jolt\Physics\PhysicsSettings.h">
      <Filter>Physics</Filter>
    </ClInclude>
    <ClInclude Include="E:\other projects\CSyren\lib\third_party\JoltPhysics\Jolt\Physics\PhysicsStepListener.h">
      <Filter>Physics</Filter>
    </ClInclude>
    <ClInclude Include="E:\other projects\CSyren\lib\third_party\JoltPhysics\Jolt\Physics\PhysicsSystem.h">
      <Filter>Physics</Filter>
    </ClInclude>
    <ClInclude Include="E:\other projects\CSyren\lib\third_party\JoltPhysics\Jolt\Physics\PhysicsUpdateContext.h">
      <Filter>Physics</Filter>
    </ClInclude>
    <ClInclude Include="E:\other projects\CSyren\lib\third_party\JoltPhysics\Jolt\Physics\Ragdoll\Ragdoll.h">
      <Filter>Physics\Ragdoll</Filter>
    </ClInclude>
    <ClInclude Include="E:\other projects\CSyren\lib\third_party\JoltPhysics\Jolt\Physics\SoftBody\SoftBodyContactListener.h">
      <Filter>Physics\SoftBody</Filter>
    </ClInclude>
    <ClInclude Include="E:\other projects\CSyren\lib\third_party\JoltPhysics\Jolt\Physics\SoftBody\SoftBodyCreationSettings.h">
      <Filter>Physics\SoftBody</Filter>
    </ClInclude>
    <ClInclude Include="E:\other projects\CSyren\lib\third_party\JoltPhysics\Jolt\Physics\SoftBody\SoftBodyManifold.h">
      <Filter>Physics\SoftBody</Filter>
    </ClInclude>
    <ClInclude Include="E:\other projects\CSyren\lib\third_party\JoltPhysics\Jolt\Physics\SoftBody\SoftBodyMotionProperties.h">
      <Filter>Physics\SoftBody</Filter>
    </ClInclude>
    <ClInclude Include="E:\other projects\CSyren\lib\third_party\JoltPhysics\Jolt\Physics\SoftBody\SoftBodyShape.h">
      <Filter>Physics\SoftBody</Filter>
    </ClInclude>
    <ClInclude Include="E:\other projects\CSyren\lib\third_party\JoltPhysics\Jolt\Physics\SoftBody\SoftBodySharedSettings.h">
      <Filter>Physics\SoftBody</Filter>
    </ClInclude>
    <ClInclude Include="E:\other projects\CSyren\lib\third_party\JoltPhysics\Jolt\Physics\SoftBody\SoftBodyUpdateContext.h">
      <Filter>Physics\SoftBody</Filter>
    </ClInclude>
    <ClInclude Include="E:\other projects\CSyren\lib\third_party\JoltPhysics\Jolt\Physics\SoftBody\SoftBodyVertex.h">
      <Filter>Physics\SoftBody</Filter>
    </ClInclude>
    <ClInclude Include="E:\other projects\CSyren\lib\third_party\JoltPhysics\Jolt\Physics\StateRecorder.h">
      <Filter>Physics</Filter>
    </ClInclude>
    <ClInclude Include="E:\other projects\CSyren\lib\third_party\JoltPhysics\Jolt\Physics\StateRecorderImpl.h">
      <Filter>Physics</Filter>
    </ClInclude>
    <ClInclude Include="E:\other projects\CSyren\lib\third_party\JoltPhysics\Jolt\Physics\Vehicle\MotorcycleController.h">
      <Filter>Physics\Vehicle</Filter>
    </ClInclude>
    <ClInclude Include="E:\other projects\CSyren\lib\third_party\JoltPhysics\Jolt\Physics\Vehicle\TrackedVehicleController.h">
      <Filter>Physics\Vehicle</Filter>
    </ClInclude>
    <ClInclude Include="E:\other projects\CSyren\lib\third_party\JoltPhysics\Jolt\Physics\Vehicle\VehicleAntiRollBar.h">
      <Filter>Physics\Vehicle</Filter>
    </ClInclude>
    <ClInclude Include="E:\other projects\CSyren\lib\third_party\JoltPhysics\Jolt\Physics\Vehicle\VehicleCollisionTester.h">
      <Filter>Physics\Vehicle</Filter>
    </ClInclude>
    <ClInclude Include="E:\other projects\CSyren\lib\third_party\JoltPhysics\Jolt\Physics\Vehicle\VehicleConstraint.h">
      <Filter>Physics\Vehicle</Filter>
    </ClInclude>
    <ClInclude Include="E:\other projects\CSyren\lib\third_party\JoltPhysics\Jolt\Physics\Vehicle\VehicleController.h">
      <Filter>Physics\Vehicle</Filter>
    </ClInclude>
    <ClInclude Include="E:\other projects\CSyren\lib\third_party\JoltPhysics\Jolt\Physics\Vehicle\VehicleDifferential.h">
      <Filter>Physics\Vehicle</Filter>
    </ClInclude>
    <ClInclude Include="E:\other projects\CSyren\lib\third_party\JoltPhysics\Jolt\Physics\Vehicle\VehicleEngine.h">
      <Filter>Physics\Vehicle</Filter>
    </ClInclude>
    <ClInclude Include="E:\other projects\CSyren\lib\third_party\JoltPhysics\Jolt\Physics\Vehicle\VehicleTrack.h">
      <Filter>Physics\Vehicle</Filter>
    </ClInclude>
    <ClInclude Include="E:\other projects\CSyren\lib\third_party\JoltPhysics\Jolt\Physics\Vehicle\VehicleTransmission.h">
      <Filter>Physics\Vehicle</Filter>
    </ClInclude>
    <ClInclude Include="E:\other projects\CSyren\lib\third_party\JoltPhysics\Jolt\Physics\Vehicle\Wheel.h">
      <Filter>Physics\Vehicle</Filter>
    </ClInclude>
    <ClInclude Include="E:\other projects\CSyren\lib\third_party\JoltPhysics\Jolt\Physics\Vehicle\WheeledVehicleController.h">
      <Filter>Physics\Vehicle</Filter>
    </ClInclude>
    <ClInclude Include="E:\other projects\CSyren\lib\third_party\JoltPhysics\Jolt\RegisterTypes.h" />
    <ClInclude Include="E:\other projects\CSyren\lib\third_party\JoltPhysics\Jolt\Renderer\DebugRenderer.h">
      <Filter>Renderer</Filter>
    </ClInclude>
    <ClInclude Include="E:\other projects\CSyren\lib\third_party\JoltPhysics\Jolt\Renderer\DebugRendererPlayback.h">
      <Filter>Renderer</Filter>
    </ClInclude>
    <ClInclude Include="E:\other projects\CSyren\lib\third_party\JoltPhysics\Jolt\Renderer\DebugRendererRecorder.h">
      <Filter>Renderer</Filter>
    </ClInclude>
    <ClInclude Include="E:\other projects\CSyren\lib\third_party\JoltPhysics\Jolt\Renderer\DebugRendererSimple.h">
      <Filter>Renderer</Filter>
    </ClInclude>
    <ClInclude Include="E:\other projects\CSyren\lib\third_party\JoltPhysics\Jolt\Skeleton\SkeletalAnimation.h">
      <Filter>Skeleton</Filter>
    </ClInclude>
    <ClInclude Include="E:\other projects\CSyren\lib\third_party\JoltPhysics\Jolt\Skeleton\Skeleton.h">
      <Filter>Skeleton</Filter>
    </ClInclude>
    <ClInclude Include="E:\other projects\CSyren\lib\third_party\JoltPhysics\Jolt\Skeleton\SkeletonMapper.h">
      <Filter>Skeleton</Filter>
    </ClInclude>
    <ClInclude Include="E:\other projects\CSyren\lib\third_party\JoltPhysics\Jolt\Skeleton\SkeletonPose.h">
      <Filter>Skeleton</Filter>
    </ClInclude>
    <ClInclude Include="E:\other projects\CSyren\lib\third_party\JoltPhysics\Jolt\TriangleSplitter\TriangleSplitter.h">
      <Filter>TriangleSplitter</Filter>
    </ClInclude>
    <ClInclude Include="E:\other projects\CSyren\lib\third_party\JoltPhysics\Jolt\TriangleSplitter\TriangleSplitterBinning.h">
      <Filter>TriangleSplitter</Filter>
    </ClInclude>
    <ClInclude Include="E:\other projects\CSyren\lib\third_party\JoltPhysics\Jolt\TriangleSplitter\TriangleSplitterMean.h">
      <Filter>TriangleSplitter</Filter>
    </ClInclude>
    <ClInclude Include="E:\other projects\CSyren\lib\third_party\JoltPhysics\Jolt\ObjectStream\GetPrimitiveTypeOfType.h">
      <Filter>ObjectStream</Filter>
    </ClInclude>
    <ClInclude Include="E:\other projects\CSyren\lib\third_party\JoltPhysics\Jolt\ObjectStream\ObjectStreamBinaryIn.h">
      <Filter>ObjectStream</Filter>
    </ClInclude>
    <ClInclude Include="E:\other projects\CSyren\lib\third_party\JoltPhysics\Jolt\ObjectStream\ObjectStreamBinaryOut.h">
      <Filter>ObjectStream</Filter>
    </ClInclude>
    <ClInclude Include="E:\other projects\CSyren\lib\third_party\JoltPhysics\Jolt\ObjectStream\ObjectStreamIn.h">
      <Filter>ObjectStream</Filter>
    </ClInclude>
    <ClInclude Include="E:\other projects\CSyren\lib\third_party\JoltPhysics\Jolt\ObjectStream\ObjectStreamOut.h">
      <Filter>ObjectStream</Filter>
    </ClInclude>
    <ClInclude Include="E:\other projects\CSyren\lib\third_party\JoltPhysics\Jolt\ObjectStream\ObjectStreamTextIn.h">
      <Filter>ObjectStream</Filter>
    </ClInclude>
    <ClInclude Include="E:\other projects\CSyren\lib\third_party\JoltPhysics\Jolt\ObjectStream\ObjectStreamTextOut.h">
      <Filter>ObjectStream</Filter>
    </ClInclude>
    <ClInclude Include="E:\other projects\CSyren\lib\third_party\JoltPhysics\Jolt\ObjectStream\ObjectStreamTypes.h">
      <Filter>ObjectStream</Filter>
    </ClInclude>
    <ClInclude Include="E:\other projects\CSyren\lib\third_party\JoltPhysics\Build\VS2022_CL\CMakeFiles\Jolt.dir\Debug\cmake_pch.hxx">
      <Filter>Precompile Header File</Filter>
    </ClInclude>
    <ClInclude Include="E:\other projects\CSyren\lib\third_party\JoltPhysics\Build\VS2022_CL\CMakeFiles\Jolt.dir\Release\cmake_pch.hxx">
      <Filter>Precompile Header File</Filter>
    </ClInclude>
    <ClInclude Include="E:\other projects\CSyren\lib\third_party\JoltPhysics\Build\VS2022_CL\CMakeFiles\Jolt.dir\Distribution\cmake_pch.hxx">
      <Filter>Precompile Header File</Filter>
    </ClInclude>
  </ItemGroup>
  <ItemGroup>
    <CustomBuild Include="E:\other projects\CSyren\lib\third_party\JoltPhysics\Build\CMakeLists.txt" />
  </ItemGroup>
  <ItemGroup>
    <Natvis Include="E:\other projects\CSyren\lib\third_party\JoltPhysics\Jolt\Jolt.natvis" />
  </ItemGroup>
  <ItemGroup>
    <None Include="E:\other projects\CSyren\lib\third_party\JoltPhysics\Jolt\Jolt.cmake" />
    <None Include="E:\other projects\CSyren\lib\third_party\JoltPhysics\Jolt\Physics\Collision\Shape\TaperedCapsuleShape.gliffy">
      <Filter>Physics\Collision\Shape</Filter>
    </None>
  </ItemGroup>
  <ItemGroup>
    <Filter Include="AABBTree">
      <UniqueIdentifier>{FADB16DC-472E-3E05-BE32-3DDDAEDE8B26}</UniqueIdentifier>
    </Filter>
    <Filter Include="AABBTree\NodeCodec">
      <UniqueIdentifier>{6BE8289A-E729-3E4D-9C9F-121D6F71F64C}</UniqueIdentifier>
    </Filter>
    <Filter Include="AABBTree\TriangleCodec">
      <UniqueIdentifier>{D202BD59-205A-3C9E-9B44-A5DD6143B1B0}</UniqueIdentifier>
    </Filter>
    <Filter Include="Core">
      <UniqueIdentifier>{A0337410-A1E4-3F82-9B50-4E120E5F38D8}</UniqueIdentifier>
    </Filter>
    <Filter Include="Geometry">
      <UniqueIdentifier>{03F8A17B-DA7C-3CDA-B571-6C04479232BF}</UniqueIdentifier>
    </Filter>
    <Filter Include="Math">
      <UniqueIdentifier>{10325CFF-5743-3E2C-8C81-9B0C2AF51A76}</UniqueIdentifier>
    </Filter>
    <Filter Include="ObjectStream">
      <UniqueIdentifier>{712AE016-8363-3E17-978A-746FEB30672B}</UniqueIdentifier>
    </Filter>
    <Filter Include="Physics">
      <UniqueIdentifier>{91DCFB3E-91A6-3BA9-9E99-B73502F2DD30}</UniqueIdentifier>
    </Filter>
    <Filter Include="Physics\Body">
      <UniqueIdentifier>{294EB9B1-1822-38AF-87C8-40A588F6E5D6}</UniqueIdentifier>
    </Filter>
    <Filter Include="Physics\Character">
      <UniqueIdentifier>{67FC2FCF-8C2A-3908-B1D7-11C299C23DE0}</UniqueIdentifier>
    </Filter>
    <Filter Include="Physics\Collision">
      <UniqueIdentifier>{A22435C5-F084-326E-BDD5-8E3B73366782}</UniqueIdentifier>
    </Filter>
    <Filter Include="Physics\Collision\BroadPhase">
      <UniqueIdentifier>{45EF6683-5045-3CC1-8797-E782065B44A4}</UniqueIdentifier>
    </Filter>
    <Filter Include="Physics\Collision\Shape">
      <UniqueIdentifier>{B7B5BCEB-E755-35C5-B54D-5A9F5028D1A9}</UniqueIdentifier>
    </Filter>
    <Filter Include="Physics\Constraints">
      <UniqueIdentifier>{2DCC2AD8-36D6-3142-970F-99CA807C8EA4}</UniqueIdentifier>
    </Filter>
    <Filter Include="Physics\Constraints\ConstraintPart">
      <UniqueIdentifier>{1AB201DC-837B-3339-A273-0368946B9F01}</UniqueIdentifier>
    </Filter>
    <Filter Include="Physics\Ragdoll">
      <UniqueIdentifier>{B5632DEC-C5DC-3B6F-AC49-4483A85A65AD}</UniqueIdentifier>
    </Filter>
    <Filter Include="Physics\SoftBody">
      <UniqueIdentifier>{F3BE4649-8E7D-3AFE-8880-AF28D4FE370C}</UniqueIdentifier>
    </Filter>
    <Filter Include="Physics\Vehicle">
      <UniqueIdentifier>{1F80FE6E-D49B-3959-9983-AD823C448584}</UniqueIdentifier>
    </Filter>
    <Filter Include="Precompile Header File">
      <UniqueIdentifier>{5D970524-2F59-3649-80FE-27DE8F6275AF}</UniqueIdentifier>
    </Filter>
    <Filter Include="Renderer">
      <UniqueIdentifier>{AC7F6F0D-A14A-356E-98E5-0674E0372CA0}</UniqueIdentifier>
    </Filter>
    <Filter Include="Skeleton">
      <UniqueIdentifier>{F28E834F-2AC7-3FCC-A855-70461C6E2FD5}</UniqueIdentifier>
    </Filter>
    <Filter Include="Source Files">
      <UniqueIdentifier>{6AD6748F-B245-3555-AE13-66BA93F45FCB}</UniqueIdentifier>
    </Filter>
    <Filter Include="TriangleSplitter">
      <UniqueIdentifier>{442F9168-F37B-3981-9C47-F9F03178E643}</UniqueIdentifier>
    </Filter>
  </ItemGroup>
</Project>
