<?xml version="1.0" encoding="utf-8"?>
<Project ToolsVersion="17.0" xmlns="http://schemas.microsoft.com/developer/msbuild/2003">
  <ItemGroup>
    <ClCompile Include="E:\other projects\CSyren\lib\third_party\JoltPhysics\Build\VS2022_CL\CMakeFiles\Samples.dir\cmake_pch.cxx">
      <Filter>Source Files</Filter>
    </ClCompile>
    <ClCompile Include="E:\other projects\CSyren\lib\third_party\JoltPhysics\Samples\SamplesApp.cpp" />
    <ClCompile Include="E:\other projects\CSyren\lib\third_party\JoltPhysics\Samples\Tests\BroadPhase\BroadPhaseCastRayTest.cpp">
      <Filter>Tests\BroadPhase</Filter>
    </ClCompile>
    <ClCompile Include="E:\other projects\CSyren\lib\third_party\JoltPhysics\Samples\Tests\BroadPhase\BroadPhaseInsertionTest.cpp">
      <Filter>Tests\BroadPhase</Filter>
    </ClCompile>
    <ClCompile Include="E:\other projects\CSyren\lib\third_party\JoltPhysics\Samples\Tests\BroadPhase\BroadPhaseTest.cpp">
      <Filter>Tests\BroadPhase</Filter>
    </ClCompile>
    <ClCompile Include="E:\other projects\CSyren\lib\third_party\JoltPhysics\Samples\Tests\Character\CharacterBaseTest.cpp">
      <Filter>Tests\Character</Filter>
    </ClCompile>
    <ClCompile Include="E:\other projects\CSyren\lib\third_party\JoltPhysics\Samples\Tests\Character\CharacterPlanetTest.cpp">
      <Filter>Tests\Character</Filter>
    </ClCompile>
    <ClCompile Include="E:\other projects\CSyren\lib\third_party\JoltPhysics\Samples\Tests\Character\CharacterTest.cpp">
      <Filter>Tests\Character</Filter>
    </ClCompile>
    <ClCompile Include="E:\other projects\CSyren\lib\third_party\JoltPhysics\Samples\Tests\Character\CharacterVirtualTest.cpp">
      <Filter>Tests\Character</Filter>
    </ClCompile>
    <ClCompile Include="E:\other projects\CSyren\lib\third_party\JoltPhysics\Samples\Tests\Character\CharacterSpaceShipTest.cpp">
      <Filter>Tests\Character</Filter>
    </ClCompile>
    <ClCompile Include="E:\other projects\CSyren\lib\third_party\JoltPhysics\Samples\Tests\Constraints\ConeConstraintTest.cpp">
      <Filter>Tests\Constraints</Filter>
    </ClCompile>
    <ClCompile Include="E:\other projects\CSyren\lib\third_party\JoltPhysics\Samples\Tests\Constraints\ConstraintPriorityTest.cpp">
      <Filter>Tests\Constraints</Filter>
    </ClCompile>
    <ClCompile Include="E:\other projects\CSyren\lib\third_party\JoltPhysics\Samples\Tests\Constraints\ConstraintSingularityTest.cpp">
      <Filter>Tests\Constraints</Filter>
    </ClCompile>
    <ClCompile Include="E:\other projects\CSyren\lib\third_party\JoltPhysics\Samples\Tests\Constraints\ConstraintVsCOMChangeTest.cpp">
      <Filter>Tests\Constraints</Filter>
    </ClCompile>
    <ClCompile Include="E:\other projects\CSyren\lib\third_party\JoltPhysics\Samples\Tests\Constraints\DistanceConstraintTest.cpp">
      <Filter>Tests\Constraints</Filter>
    </ClCompile>
    <ClCompile Include="E:\other projects\CSyren\lib\third_party\JoltPhysics\Samples\Tests\Constraints\FixedConstraintTest.cpp">
      <Filter>Tests\Constraints</Filter>
    </ClCompile>
    <ClCompile Include="E:\other projects\CSyren\lib\third_party\JoltPhysics\Samples\Tests\Constraints\GearConstraintTest.cpp">
      <Filter>Tests\Constraints</Filter>
    </ClCompile>
    <ClCompile Include="E:\other projects\CSyren\lib\third_party\JoltPhysics\Samples\Tests\Constraints\HingeConstraintTest.cpp">
      <Filter>Tests\Constraints</Filter>
    </ClCompile>
    <ClCompile Include="E:\other projects\CSyren\lib\third_party\JoltPhysics\Samples\Tests\Constraints\PointConstraintTest.cpp">
      <Filter>Tests\Constraints</Filter>
    </ClCompile>
    <ClCompile Include="E:\other projects\CSyren\lib\third_party\JoltPhysics\Samples\Tests\Constraints\PathConstraintTest.cpp">
      <Filter>Tests\Constraints</Filter>
    </ClCompile>
    <ClCompile Include="E:\other projects\CSyren\lib\third_party\JoltPhysics\Samples\Tests\Constraints\PoweredHingeConstraintTest.cpp">
      <Filter>Tests\Constraints</Filter>
    </ClCompile>
    <ClCompile Include="E:\other projects\CSyren\lib\third_party\JoltPhysics\Samples\Tests\Constraints\PoweredSwingTwistConstraintTest.cpp">
      <Filter>Tests\Constraints</Filter>
    </ClCompile>
    <ClCompile Include="E:\other projects\CSyren\lib\third_party\JoltPhysics\Samples\Tests\Constraints\PoweredSliderConstraintTest.cpp">
      <Filter>Tests\Constraints</Filter>
    </ClCompile>
    <ClCompile Include="E:\other projects\CSyren\lib\third_party\JoltPhysics\Samples\Tests\Constraints\PulleyConstraintTest.cpp">
      <Filter>Tests\Constraints</Filter>
    </ClCompile>
    <ClCompile Include="E:\other projects\CSyren\lib\third_party\JoltPhysics\Samples\Tests\Constraints\RackAndPinionConstraintTest.cpp">
      <Filter>Tests\Constraints</Filter>
    </ClCompile>
    <ClCompile Include="E:\other projects\CSyren\lib\third_party\JoltPhysics\Samples\Tests\Constraints\SwingTwistConstraintFrictionTest.cpp">
      <Filter>Tests\Constraints</Filter>
    </ClCompile>
    <ClCompile Include="E:\other projects\CSyren\lib\third_party\JoltPhysics\Samples\Tests\Constraints\SwingTwistConstraintTest.cpp">
      <Filter>Tests\Constraints</Filter>
    </ClCompile>
    <ClCompile Include="E:\other projects\CSyren\lib\third_party\JoltPhysics\Samples\Tests\Constraints\SixDOFConstraintTest.cpp">
      <Filter>Tests\Constraints</Filter>
    </ClCompile>
    <ClCompile Include="E:\other projects\CSyren\lib\third_party\JoltPhysics\Samples\Tests\Constraints\SliderConstraintTest.cpp">
      <Filter>Tests\Constraints</Filter>
    </ClCompile>
    <ClCompile Include="E:\other projects\CSyren\lib\third_party\JoltPhysics\Samples\Tests\Constraints\SpringTest.cpp">
      <Filter>Tests\Constraints</Filter>
    </ClCompile>
    <ClCompile Include="E:\other projects\CSyren\lib\third_party\JoltPhysics\Samples\Tests\ConvexCollision\CapsuleVsBoxTest.cpp">
      <Filter>Tests\ConvexCollision</Filter>
    </ClCompile>
    <ClCompile Include="E:\other projects\CSyren\lib\third_party\JoltPhysics\Samples\Tests\ConvexCollision\ClosestPointTest.cpp">
      <Filter>Tests\ConvexCollision</Filter>
    </ClCompile>
    <ClCompile Include="E:\other projects\CSyren\lib\third_party\JoltPhysics\Samples\Tests\ConvexCollision\ConvexHullTest.cpp">
      <Filter>Tests\ConvexCollision</Filter>
    </ClCompile>
    <ClCompile Include="E:\other projects\CSyren\lib\third_party\JoltPhysics\Samples\Tests\ConvexCollision\ConvexHullShrinkTest.cpp">
      <Filter>Tests\ConvexCollision</Filter>
    </ClCompile>
    <ClCompile Include="E:\other projects\CSyren\lib\third_party\JoltPhysics\Samples\Tests\ConvexCollision\EPATest.cpp">
      <Filter>Tests\ConvexCollision</Filter>
    </ClCompile>
    <ClCompile Include="E:\other projects\CSyren\lib\third_party\JoltPhysics\Samples\Tests\ConvexCollision\InteractivePairsTest.cpp">
      <Filter>Tests\ConvexCollision</Filter>
    </ClCompile>
    <ClCompile Include="E:\other projects\CSyren\lib\third_party\JoltPhysics\Samples\Tests\ConvexCollision\RandomRayTest.cpp">
      <Filter>Tests\ConvexCollision</Filter>
    </ClCompile>
    <ClCompile Include="E:\other projects\CSyren\lib\third_party\JoltPhysics\Samples\Tests\General\ActiveEdgesTest.cpp">
      <Filter>Tests\General</Filter>
    </ClCompile>
    <ClCompile Include="E:\other projects\CSyren\lib\third_party\JoltPhysics\Samples\Tests\General\AllowedDOFsTest.cpp">
      <Filter>Tests\General</Filter>
    </ClCompile>
    <ClCompile Include="E:\other projects\CSyren\lib\third_party\JoltPhysics\Samples\Tests\General\BigVsSmallTest.cpp">
      <Filter>Tests\General</Filter>
    </ClCompile>
    <ClCompile Include="E:\other projects\CSyren\lib\third_party\JoltPhysics\Samples\Tests\General\EnhancedInternalEdgeRemovalTest.cpp">
      <Filter>Tests\General</Filter>
    </ClCompile>
    <ClCompile Include="E:\other projects\CSyren\lib\third_party\JoltPhysics\Samples\Tests\General\ShapeFilterTest.cpp">
      <Filter>Tests\General</Filter>
    </ClCompile>
    <ClCompile Include="E:\other projects\CSyren\lib\third_party\JoltPhysics\Samples\Tests\General\SimCollideBodyVsBodyTest.cpp">
      <Filter>Tests\General</Filter>
    </ClCompile>
    <ClCompile Include="E:\other projects\CSyren\lib\third_party\JoltPhysics\Samples\Tests\General\SimShapeFilterTest.cpp">
      <Filter>Tests\General</Filter>
    </ClCompile>
    <ClCompile Include="E:\other projects\CSyren\lib\third_party\JoltPhysics\Samples\Tests\General\CenterOfMassTest.cpp">
      <Filter>Tests\General</Filter>
    </ClCompile>
    <ClCompile Include="E:\other projects\CSyren\lib\third_party\JoltPhysics\Samples\Tests\General\ChangeMotionQualityTest.cpp">
      <Filter>Tests\General</Filter>
    </ClCompile>
    <ClCompile Include="E:\other projects\CSyren\lib\third_party\JoltPhysics\Samples\Tests\General\ChangeMotionTypeTest.cpp">
      <Filter>Tests\General</Filter>
    </ClCompile>
    <ClCompile Include="E:\other projects\CSyren\lib\third_party\JoltPhysics\Samples\Tests\General\ChangeShapeTest.cpp">
      <Filter>Tests\General</Filter>
    </ClCompile>
    <ClCompile Include="E:\other projects\CSyren\lib\third_party\JoltPhysics\Samples\Tests\General\ChangeObjectLayerTest.cpp">
      <Filter>Tests\General</Filter>
    </ClCompile>
    <ClCompile Include="E:\other projects\CSyren\lib\third_party\JoltPhysics\Samples\Tests\General\ContactListenerTest.cpp">
      <Filter>Tests\General</Filter>
    </ClCompile>
    <ClCompile Include="E:\other projects\CSyren\lib\third_party\JoltPhysics\Samples\Tests\General\ContactManifoldTest.cpp">
      <Filter>Tests\General</Filter>
    </ClCompile>
    <ClCompile Include="E:\other projects\CSyren\lib\third_party\JoltPhysics\Samples\Tests\General\ConveyorBeltTest.cpp">
      <Filter>Tests\General</Filter>
    </ClCompile>
    <ClCompile Include="E:\other projects\CSyren\lib\third_party\JoltPhysics\Samples\Tests\General\DampingTest.cpp">
      <Filter>Tests\General</Filter>
    </ClCompile>
    <ClCompile Include="E:\other projects\CSyren\lib\third_party\JoltPhysics\Samples\Tests\General\DynamicMeshTest.cpp">
      <Filter>Tests\General</Filter>
    </ClCompile>
    <ClCompile Include="E:\other projects\CSyren\lib\third_party\JoltPhysics\Samples\Tests\General\FrictionTest.cpp">
      <Filter>Tests\General</Filter>
    </ClCompile>
    <ClCompile Include="E:\other projects\CSyren\lib\third_party\JoltPhysics\Samples\Tests\General\FrictionPerTriangleTest.cpp">
      <Filter>Tests\General</Filter>
    </ClCompile>
    <ClCompile Include="E:\other projects\CSyren\lib\third_party\JoltPhysics\Samples\Tests\General\FunnelTest.cpp">
      <Filter>Tests\General</Filter>
    </ClCompile>
    <ClCompile Include="E:\other projects\CSyren\lib\third_party\JoltPhysics\Samples\Tests\General\GravityFactorTest.cpp">
      <Filter>Tests\General</Filter>
    </ClCompile>
    <ClCompile Include="E:\other projects\CSyren\lib\third_party\JoltPhysics\Samples\Tests\General\GyroscopicForceTest.cpp">
      <Filter>Tests\General</Filter>
    </ClCompile>
    <ClCompile Include="E:\other projects\CSyren\lib\third_party\JoltPhysics\Samples\Tests\General\HeavyOnLightTest.cpp">
      <Filter>Tests\General</Filter>
    </ClCompile>
    <ClCompile Include="E:\other projects\CSyren\lib\third_party\JoltPhysics\Samples\Tests\General\HighSpeedTest.cpp">
      <Filter>Tests\General</Filter>
    </ClCompile>
    <ClCompile Include="E:\other projects\CSyren\lib\third_party\JoltPhysics\Samples\Tests\General\IslandTest.cpp">
      <Filter>Tests\General</Filter>
    </ClCompile>
    <ClCompile Include="E:\other projects\CSyren\lib\third_party\JoltPhysics\Samples\Tests\General\KinematicTest.cpp">
      <Filter>Tests\General</Filter>
    </ClCompile>
    <ClCompile Include="E:\other projects\CSyren\lib\third_party\JoltPhysics\Samples\Tests\General\LoadSaveBinaryTest.cpp">
      <Filter>Tests\General</Filter>
    </ClCompile>
    <ClCompile Include="E:\other projects\CSyren\lib\third_party\JoltPhysics\Samples\Tests\General\LoadSaveSceneTest.cpp">
      <Filter>Tests\General</Filter>
    </ClCompile>
    <ClCompile Include="E:\other projects\CSyren\lib\third_party\JoltPhysics\Samples\Tests\General\ManifoldReductionTest.cpp">
      <Filter>Tests\General</Filter>
    </ClCompile>
    <ClCompile Include="E:\other projects\CSyren\lib\third_party\JoltPhysics\Samples\Tests\General\ModifyMassTest.cpp">
      <Filter>Tests\General</Filter>
    </ClCompile>
    <ClCompile Include="E:\other projects\CSyren\lib\third_party\JoltPhysics\Samples\Tests\General\MultithreadedTest.cpp">
      <Filter>Tests\General</Filter>
    </ClCompile>
    <ClCompile Include="E:\other projects\CSyren\lib\third_party\JoltPhysics\Samples\Tests\General\PyramidTest.cpp">
      <Filter>Tests\General</Filter>
    </ClCompile>
    <ClCompile Include="E:\other projects\CSyren\lib\third_party\JoltPhysics\Samples\Tests\General\RestitutionTest.cpp">
      <Filter>Tests\General</Filter>
    </ClCompile>
    <ClCompile Include="E:\other projects\CSyren\lib\third_party\JoltPhysics\Samples\Tests\General\SensorTest.cpp">
      <Filter>Tests\General</Filter>
    </ClCompile>
    <ClCompile Include="E:\other projects\CSyren\lib\third_party\JoltPhysics\Samples\Tests\General\SimpleTest.cpp">
      <Filter>Tests\General</Filter>
    </ClCompile>
    <ClCompile Include="E:\other projects\CSyren\lib\third_party\JoltPhysics\Samples\Tests\General\StackTest.cpp">
      <Filter>Tests\General</Filter>
    </ClCompile>
    <ClCompile Include="E:\other projects\CSyren\lib\third_party\JoltPhysics\Samples\Tests\General\TwoDFunnelTest.cpp">
      <Filter>Tests\General</Filter>
    </ClCompile>
    <ClCompile Include="E:\other projects\CSyren\lib\third_party\JoltPhysics\Samples\Tests\General\WallTest.cpp">
      <Filter>Tests\General</Filter>
    </ClCompile>
    <ClCompile Include="E:\other projects\CSyren\lib\third_party\JoltPhysics\Samples\Tests\General\ActivateDuringUpdateTest.cpp">
      <Filter>Tests\General</Filter>
    </ClCompile>
    <ClCompile Include="E:\other projects\CSyren\lib\third_party\JoltPhysics\Samples\Tests\Rig\CreateRigTest.cpp">
      <Filter>Tests\Rig</Filter>
    </ClCompile>
    <ClCompile Include="E:\other projects\CSyren\lib\third_party\JoltPhysics\Samples\Tests\SoftBody\SoftBodyBendConstraintTest.cpp">
      <Filter>Tests\SoftBody</Filter>
    </ClCompile>
    <ClCompile Include="E:\other projects\CSyren\lib\third_party\JoltPhysics\Samples\Tests\SoftBody\SoftBodyContactListenerTest.cpp">
      <Filter>Tests\SoftBody</Filter>
    </ClCompile>
    <ClCompile Include="E:\other projects\CSyren\lib\third_party\JoltPhysics\Samples\Tests\SoftBody\SoftBodyCosseratRodConstraintTest.cpp">
      <Filter>Tests\SoftBody</Filter>
    </ClCompile>
    <ClCompile Include="E:\other projects\CSyren\lib\third_party\JoltPhysics\Samples\Tests\SoftBody\SoftBodyCustomUpdateTest.cpp">
      <Filter>Tests\SoftBody</Filter>
    </ClCompile>
    <ClCompile Include="E:\other projects\CSyren\lib\third_party\JoltPhysics\Samples\Tests\SoftBody\SoftBodyForceTest.cpp">
      <Filter>Tests\SoftBody</Filter>
    </ClCompile>
    <ClCompile Include="E:\other projects\CSyren\lib\third_party\JoltPhysics\Samples\Tests\SoftBody\SoftBodyFrictionTest.cpp">
      <Filter>Tests\SoftBody</Filter>
    </ClCompile>
    <ClCompile Include="E:\other projects\CSyren\lib\third_party\JoltPhysics\Samples\Tests\SoftBody\SoftBodyGravityFactorTest.cpp">
      <Filter>Tests\SoftBody</Filter>
    </ClCompile>
    <ClCompile Include="E:\other projects\CSyren\lib\third_party\JoltPhysics\Samples\Tests\SoftBody\SoftBodyKinematicTest.cpp">
      <Filter>Tests\SoftBody</Filter>
    </ClCompile>
    <ClCompile Include="E:\other projects\CSyren\lib\third_party\JoltPhysics\Samples\Tests\SoftBody\SoftBodyLRAConstraintTest.cpp">
      <Filter>Tests\SoftBody</Filter>
    </ClCompile>
    <ClCompile Include="E:\other projects\CSyren\lib\third_party\JoltPhysics\Samples\Tests\SoftBody\SoftBodyPressureTest.cpp">
      <Filter>Tests\SoftBody</Filter>
    </ClCompile>
    <ClCompile Include="E:\other projects\CSyren\lib\third_party\JoltPhysics\Samples\Tests\SoftBody\SoftBodyRestitutionTest.cpp">
      <Filter>Tests\SoftBody</Filter>
    </ClCompile>
    <ClCompile Include="E:\other projects\CSyren\lib\third_party\JoltPhysics\Samples\Tests\SoftBody\SoftBodyShapesTest.cpp">
      <Filter>Tests\SoftBody</Filter>
    </ClCompile>
    <ClCompile Include="E:\other projects\CSyren\lib\third_party\JoltPhysics\Samples\Tests\SoftBody\SoftBodySkinnedConstraintTest.cpp">
      <Filter>Tests\SoftBody</Filter>
    </ClCompile>
    <ClCompile Include="E:\other projects\CSyren\lib\third_party\JoltPhysics\Samples\Tests\SoftBody\SoftBodySensorTest.cpp">
      <Filter>Tests\SoftBody</Filter>
    </ClCompile>
    <ClCompile Include="E:\other projects\CSyren\lib\third_party\JoltPhysics\Samples\Tests\SoftBody\SoftBodyStressTest.cpp">
      <Filter>Tests\SoftBody</Filter>
    </ClCompile>
    <ClCompile Include="E:\other projects\CSyren\lib\third_party\JoltPhysics\Samples\Tests\SoftBody\SoftBodyUpdatePositionTest.cpp">
      <Filter>Tests\SoftBody</Filter>
    </ClCompile>
    <ClCompile Include="E:\other projects\CSyren\lib\third_party\JoltPhysics\Samples\Tests\SoftBody\SoftBodyVertexRadiusTest.cpp">
      <Filter>Tests\SoftBody</Filter>
    </ClCompile>
    <ClCompile Include="E:\other projects\CSyren\lib\third_party\JoltPhysics\Samples\Tests\SoftBody\SoftBodyVsFastMovingTest.cpp">
      <Filter>Tests\SoftBody</Filter>
    </ClCompile>
    <ClCompile Include="E:\other projects\CSyren\lib\third_party\JoltPhysics\Samples\Tests\Test.cpp">
      <Filter>Tests</Filter>
    </ClCompile>
    <ClCompile Include="E:\other projects\CSyren\lib\third_party\JoltPhysics\Samples\Tests\Tools\LoadSnapshotTest.cpp">
      <Filter>Tests\Tools</Filter>
    </ClCompile>
    <ClCompile Include="E:\other projects\CSyren\lib\third_party\JoltPhysics\Samples\Tests\ScaledShapes\DynamicScaledShape.cpp">
      <Filter>Tests\ScaledShapes</Filter>
    </ClCompile>
    <ClCompile Include="E:\other projects\CSyren\lib\third_party\JoltPhysics\Samples\Tests\ScaledShapes\ScaledBoxShapeTest.cpp">
      <Filter>Tests\ScaledShapes</Filter>
    </ClCompile>
    <ClCompile Include="E:\other projects\CSyren\lib\third_party\JoltPhysics\Samples\Tests\ScaledShapes\ScaledCapsuleShapeTest.cpp">
      <Filter>Tests\ScaledShapes</Filter>
    </ClCompile>
    <ClCompile Include="E:\other projects\CSyren\lib\third_party\JoltPhysics\Samples\Tests\ScaledShapes\ScaledStaticCompoundShapeTest.cpp">
      <Filter>Tests\ScaledShapes</Filter>
    </ClCompile>
    <ClCompile Include="E:\other projects\CSyren\lib\third_party\JoltPhysics\Samples\Tests\ScaledShapes\ScaledMutableCompoundShapeTest.cpp">
      <Filter>Tests\ScaledShapes</Filter>
    </ClCompile>
    <ClCompile Include="E:\other projects\CSyren\lib\third_party\JoltPhysics\Samples\Tests\ScaledShapes\ScaledOffsetCenterOfMassShapeTest.cpp">
      <Filter>Tests\ScaledShapes</Filter>
    </ClCompile>
    <ClCompile Include="E:\other projects\CSyren\lib\third_party\JoltPhysics\Samples\Tests\ScaledShapes\ScaledConvexHullShapeTest.cpp">
      <Filter>Tests\ScaledShapes</Filter>
    </ClCompile>
    <ClCompile Include="E:\other projects\CSyren\lib\third_party\JoltPhysics\Samples\Tests\ScaledShapes\ScaledCylinderShapeTest.cpp">
      <Filter>Tests\ScaledShapes</Filter>
    </ClCompile>
    <ClCompile Include="E:\other projects\CSyren\lib\third_party\JoltPhysics\Samples\Tests\ScaledShapes\ScaledHeightFieldShapeTest.cpp">
      <Filter>Tests\ScaledShapes</Filter>
    </ClCompile>
    <ClCompile Include="E:\other projects\CSyren\lib\third_party\JoltPhysics\Samples\Tests\ScaledShapes\ScaledMeshShapeTest.cpp">
      <Filter>Tests\ScaledShapes</Filter>
    </ClCompile>
    <ClCompile Include="E:\other projects\CSyren\lib\third_party\JoltPhysics\Samples\Tests\ScaledShapes\ScaledPlaneShapeTest.cpp">
      <Filter>Tests\ScaledShapes</Filter>
    </ClCompile>
    <ClCompile Include="E:\other projects\CSyren\lib\third_party\JoltPhysics\Samples\Tests\ScaledShapes\ScaledSphereShapeTest.cpp">
      <Filter>Tests\ScaledShapes</Filter>
    </ClCompile>
    <ClCompile Include="E:\other projects\CSyren\lib\third_party\JoltPhysics\Samples\Tests\ScaledShapes\ScaledTaperedCapsuleShapeTest.cpp">
      <Filter>Tests\ScaledShapes</Filter>
    </ClCompile>
    <ClCompile Include="E:\other projects\CSyren\lib\third_party\JoltPhysics\Samples\Tests\ScaledShapes\ScaledTaperedCylinderShapeTest.cpp">
      <Filter>Tests\ScaledShapes</Filter>
    </ClCompile>
    <ClCompile Include="E:\other projects\CSyren\lib\third_party\JoltPhysics\Samples\Tests\ScaledShapes\ScaledTriangleShapeTest.cpp">
      <Filter>Tests\ScaledShapes</Filter>
    </ClCompile>
    <ClCompile Include="E:\other projects\CSyren\lib\third_party\JoltPhysics\Samples\Tests\Shapes\BoxShapeTest.cpp">
      <Filter>Tests\Shapes</Filter>
    </ClCompile>
    <ClCompile Include="E:\other projects\CSyren\lib\third_party\JoltPhysics\Samples\Tests\Shapes\CapsuleShapeTest.cpp">
      <Filter>Tests\Shapes</Filter>
    </ClCompile>
    <ClCompile Include="E:\other projects\CSyren\lib\third_party\JoltPhysics\Samples\Tests\Shapes\DeformedHeightFieldShapeTest.cpp">
      <Filter>Tests\Shapes</Filter>
    </ClCompile>
    <ClCompile Include="E:\other projects\CSyren\lib\third_party\JoltPhysics\Samples\Tests\Shapes\EmptyShapeTest.cpp">
      <Filter>Tests\Shapes</Filter>
    </ClCompile>
    <ClCompile Include="E:\other projects\CSyren\lib\third_party\JoltPhysics\Samples\Tests\Shapes\StaticCompoundShapeTest.cpp">
      <Filter>Tests\Shapes</Filter>
    </ClCompile>
    <ClCompile Include="E:\other projects\CSyren\lib\third_party\JoltPhysics\Samples\Tests\Shapes\MutableCompoundShapeTest.cpp">
      <Filter>Tests\Shapes</Filter>
    </ClCompile>
    <ClCompile Include="E:\other projects\CSyren\lib\third_party\JoltPhysics\Samples\Tests\Shapes\OffsetCenterOfMassShapeTest.cpp">
      <Filter>Tests\Shapes</Filter>
    </ClCompile>
    <ClCompile Include="E:\other projects\CSyren\lib\third_party\JoltPhysics\Samples\Tests\Shapes\ConvexHullShapeTest.cpp">
      <Filter>Tests\Shapes</Filter>
    </ClCompile>
    <ClCompile Include="E:\other projects\CSyren\lib\third_party\JoltPhysics\Samples\Tests\Shapes\CylinderShapeTest.cpp">
      <Filter>Tests\Shapes</Filter>
    </ClCompile>
    <ClCompile Include="E:\other projects\CSyren\lib\third_party\JoltPhysics\Samples\Tests\Shapes\HeightFieldShapeTest.cpp">
      <Filter>Tests\Shapes</Filter>
    </ClCompile>
    <ClCompile Include="E:\other projects\CSyren\lib\third_party\JoltPhysics\Samples\Tests\Shapes\MeshShapeTest.cpp">
      <Filter>Tests\Shapes</Filter>
    </ClCompile>
    <ClCompile Include="E:\other projects\CSyren\lib\third_party\JoltPhysics\Samples\Tests\Shapes\MeshShapeUserDataTest.cpp">
      <Filter>Tests\Shapes</Filter>
    </ClCompile>
    <ClCompile Include="E:\other projects\CSyren\lib\third_party\JoltPhysics\Samples\Tests\Shapes\SphereShapeTest.cpp">
      <Filter>Tests\Shapes</Filter>
    </ClCompile>
    <ClCompile Include="E:\other projects\CSyren\lib\third_party\JoltPhysics\Samples\Tests\Shapes\PlaneShapeTest.cpp">
      <Filter>Tests\Shapes</Filter>
    </ClCompile>
    <ClCompile Include="E:\other projects\CSyren\lib\third_party\JoltPhysics\Samples\Tests\Shapes\RotatedTranslatedShapeTest.cpp">
      <Filter>Tests\Shapes</Filter>
    </ClCompile>
    <ClCompile Include="E:\other projects\CSyren\lib\third_party\JoltPhysics\Samples\Tests\Shapes\TaperedCapsuleShapeTest.cpp">
      <Filter>Tests\Shapes</Filter>
    </ClCompile>
    <ClCompile Include="E:\other projects\CSyren\lib\third_party\JoltPhysics\Samples\Tests\Shapes\TaperedCylinderShapeTest.cpp">
      <Filter>Tests\Shapes</Filter>
    </ClCompile>
    <ClCompile Include="E:\other projects\CSyren\lib\third_party\JoltPhysics\Samples\Tests\Shapes\TriangleShapeTest.cpp">
      <Filter>Tests\Shapes</Filter>
    </ClCompile>
    <ClCompile Include="E:\other projects\CSyren\lib\third_party\JoltPhysics\Samples\Tests\Vehicle\MotorcycleTest.cpp">
      <Filter>Tests\Vehicle</Filter>
    </ClCompile>
    <ClCompile Include="E:\other projects\CSyren\lib\third_party\JoltPhysics\Samples\Tests\Vehicle\TankTest.cpp">
      <Filter>Tests\Vehicle</Filter>
    </ClCompile>
    <ClCompile Include="E:\other projects\CSyren\lib\third_party\JoltPhysics\Samples\Tests\Vehicle\VehicleConstraintTest.cpp">
      <Filter>Tests\Vehicle</Filter>
    </ClCompile>
    <ClCompile Include="E:\other projects\CSyren\lib\third_party\JoltPhysics\Samples\Tests\Vehicle\VehicleSixDOFTest.cpp">
      <Filter>Tests\Vehicle</Filter>
    </ClCompile>
    <ClCompile Include="E:\other projects\CSyren\lib\third_party\JoltPhysics\Samples\Tests\Vehicle\VehicleStressTest.cpp">
      <Filter>Tests\Vehicle</Filter>
    </ClCompile>
    <ClCompile Include="E:\other projects\CSyren\lib\third_party\JoltPhysics\Samples\Tests\Vehicle\VehicleTest.cpp">
      <Filter>Tests\Vehicle</Filter>
    </ClCompile>
    <ClCompile Include="E:\other projects\CSyren\lib\third_party\JoltPhysics\Samples\Tests\Water\BoatTest.cpp">
      <Filter>Tests\Water</Filter>
    </ClCompile>
    <ClCompile Include="E:\other projects\CSyren\lib\third_party\JoltPhysics\Samples\Tests\Water\WaterShapeTest.cpp">
      <Filter>Tests\Water</Filter>
    </ClCompile>
    <ClCompile Include="E:\other projects\CSyren\lib\third_party\JoltPhysics\Samples\Utils\ContactListenerImpl.cpp">
      <Filter>Utils</Filter>
    </ClCompile>
    <ClCompile Include="E:\other projects\CSyren\lib\third_party\JoltPhysics\Samples\Utils\RagdollLoader.cpp">
      <Filter>Utils</Filter>
    </ClCompile>
    <ClCompile Include="E:\other projects\CSyren\lib\third_party\JoltPhysics\Samples\Utils\ShapeCreator.cpp">
      <Filter>Utils</Filter>
    </ClCompile>
    <ClCompile Include="E:\other projects\CSyren\lib\third_party\JoltPhysics\Samples\Utils\SoftBodyCreator.cpp">
      <Filter>Utils</Filter>
    </ClCompile>
    <ClCompile Include="E:\other projects\CSyren\lib\third_party\JoltPhysics\Samples\Tests\Rig\BigWorldTest.cpp">
      <Filter>Tests\Rig</Filter>
    </ClCompile>
    <ClCompile Include="E:\other projects\CSyren\lib\third_party\JoltPhysics\Samples\Tests\Rig\KinematicRigTest.cpp">
      <Filter>Tests\Rig</Filter>
    </ClCompile>
    <ClCompile Include="E:\other projects\CSyren\lib\third_party\JoltPhysics\Samples\Tests\Rig\LoadSaveBinaryRigTest.cpp">
      <Filter>Tests\Rig</Filter>
    </ClCompile>
    <ClCompile Include="E:\other projects\CSyren\lib\third_party\JoltPhysics\Samples\Tests\Rig\LoadSaveRigTest.cpp">
      <Filter>Tests\Rig</Filter>
    </ClCompile>
    <ClCompile Include="E:\other projects\CSyren\lib\third_party\JoltPhysics\Samples\Tests\Rig\LoadRigTest.cpp">
      <Filter>Tests\Rig</Filter>
    </ClCompile>
    <ClCompile Include="E:\other projects\CSyren\lib\third_party\JoltPhysics\Samples\Tests\Rig\PoweredRigTest.cpp">
      <Filter>Tests\Rig</Filter>
    </ClCompile>
    <ClCompile Include="E:\other projects\CSyren\lib\third_party\JoltPhysics\Samples\Tests\Rig\RigPileTest.cpp">
      <Filter>Tests\Rig</Filter>
    </ClCompile>
    <ClCompile Include="E:\other projects\CSyren\lib\third_party\JoltPhysics\Samples\Tests\Rig\SkeletonMapperTest.cpp">
      <Filter>Tests\Rig</Filter>
    </ClCompile>
    <ClCompile Include="E:\other projects\CSyren\lib\third_party\JoltPhysics\Samples\Tests\Rig\SoftKeyframedRigTest.cpp">
      <Filter>Tests\Rig</Filter>
    </ClCompile>
  </ItemGroup>
  <ItemGroup>
    <ClInclude Include="E:\other projects\CSyren\lib\third_party\JoltPhysics\Samples\Layers.h" />
    <ClInclude Include="E:\other projects\CSyren\lib\third_party\JoltPhysics\Samples\SamplesApp.h" />
    <ClInclude Include="E:\other projects\CSyren\lib\third_party\JoltPhysics\Samples\Tests\BroadPhase\BroadPhaseCastRayTest.h">
      <Filter>Tests\BroadPhase</Filter>
    </ClInclude>
    <ClInclude Include="E:\other projects\CSyren\lib\third_party\JoltPhysics\Samples\Tests\BroadPhase\BroadPhaseInsertionTest.h">
      <Filter>Tests\BroadPhase</Filter>
    </ClInclude>
    <ClInclude Include="E:\other projects\CSyren\lib\third_party\JoltPhysics\Samples\Tests\BroadPhase\BroadPhaseTest.h">
      <Filter>Tests\BroadPhase</Filter>
    </ClInclude>
    <ClInclude Include="E:\other projects\CSyren\lib\third_party\JoltPhysics\Samples\Tests\Character\CharacterBaseTest.h">
      <Filter>Tests\Character</Filter>
    </ClInclude>
    <ClInclude Include="E:\other projects\CSyren\lib\third_party\JoltPhysics\Samples\Tests\Character\CharacterPlanetTest.h">
      <Filter>Tests\Character</Filter>
    </ClInclude>
    <ClInclude Include="E:\other projects\CSyren\lib\third_party\JoltPhysics\Samples\Tests\Character\CharacterTest.h">
      <Filter>Tests\Character</Filter>
    </ClInclude>
    <ClInclude Include="E:\other projects\CSyren\lib\third_party\JoltPhysics\Samples\Tests\Character\CharacterVirtualTest.h">
      <Filter>Tests\Character</Filter>
    </ClInclude>
    <ClInclude Include="E:\other projects\CSyren\lib\third_party\JoltPhysics\Samples\Tests\Character\CharacterSpaceShipTest.h">
      <Filter>Tests\Character</Filter>
    </ClInclude>
    <ClInclude Include="E:\other projects\CSyren\lib\third_party\JoltPhysics\Samples\Tests\Constraints\ConeConstraintTest.h">
      <Filter>Tests\Constraints</Filter>
    </ClInclude>
    <ClInclude Include="E:\other projects\CSyren\lib\third_party\JoltPhysics\Samples\Tests\Constraints\ConstraintPriorityTest.h">
      <Filter>Tests\Constraints</Filter>
    </ClInclude>
    <ClInclude Include="E:\other projects\CSyren\lib\third_party\JoltPhysics\Samples\Tests\Constraints\ConstraintSingularityTest.h">
      <Filter>Tests\Constraints</Filter>
    </ClInclude>
    <ClInclude Include="E:\other projects\CSyren\lib\third_party\JoltPhysics\Samples\Tests\Constraints\ConstraintVsCOMChangeTest.h">
      <Filter>Tests\Constraints</Filter>
    </ClInclude>
    <ClInclude Include="E:\other projects\CSyren\lib\third_party\JoltPhysics\Samples\Tests\Constraints\DistanceConstraintTest.h">
      <Filter>Tests\Constraints</Filter>
    </ClInclude>
    <ClInclude Include="E:\other projects\CSyren\lib\third_party\JoltPhysics\Samples\Tests\Constraints\FixedConstraintTest.h">
      <Filter>Tests\Constraints</Filter>
    </ClInclude>
    <ClInclude Include="E:\other projects\CSyren\lib\third_party\JoltPhysics\Samples\Tests\Constraints\GearConstraintTest.h">
      <Filter>Tests\Constraints</Filter>
    </ClInclude>
    <ClInclude Include="E:\other projects\CSyren\lib\third_party\JoltPhysics\Samples\Tests\Constraints\HingeConstraintTest.h">
      <Filter>Tests\Constraints</Filter>
    </ClInclude>
    <ClInclude Include="E:\other projects\CSyren\lib\third_party\JoltPhysics\Samples\Tests\Constraints\PointConstraintTest.h">
      <Filter>Tests\Constraints</Filter>
    </ClInclude>
    <ClInclude Include="E:\other projects\CSyren\lib\third_party\JoltPhysics\Samples\Tests\Constraints\PathConstraintTest.h">
      <Filter>Tests\Constraints</Filter>
    </ClInclude>
    <ClInclude Include="E:\other projects\CSyren\lib\third_party\JoltPhysics\Samples\Tests\Constraints\PoweredHingeConstraintTest.h">
      <Filter>Tests\Constraints</Filter>
    </ClInclude>
    <ClInclude Include="E:\other projects\CSyren\lib\third_party\JoltPhysics\Samples\Tests\Constraints\PoweredSwingTwistConstraintTest.h">
      <Filter>Tests\Constraints</Filter>
    </ClInclude>
    <ClInclude Include="E:\other projects\CSyren\lib\third_party\JoltPhysics\Samples\Tests\Constraints\PoweredSliderConstraintTest.h">
      <Filter>Tests\Constraints</Filter>
    </ClInclude>
    <ClInclude Include="E:\other projects\CSyren\lib\third_party\JoltPhysics\Samples\Tests\Constraints\PulleyConstraintTest.h">
      <Filter>Tests\Constraints</Filter>
    </ClInclude>
    <ClInclude Include="E:\other projects\CSyren\lib\third_party\JoltPhysics\Samples\Tests\Constraints\RackAndPinionConstraintTest.h">
      <Filter>Tests\Constraints</Filter>
    </ClInclude>
    <ClInclude Include="E:\other projects\CSyren\lib\third_party\JoltPhysics\Samples\Tests\Constraints\SwingTwistConstraintFrictionTest.h">
      <Filter>Tests\Constraints</Filter>
    </ClInclude>
    <ClInclude Include="E:\other projects\CSyren\lib\third_party\JoltPhysics\Samples\Tests\Constraints\SwingTwistConstraintTest.h">
      <Filter>Tests\Constraints</Filter>
    </ClInclude>
    <ClInclude Include="E:\other projects\CSyren\lib\third_party\JoltPhysics\Samples\Tests\Constraints\SixDOFConstraintTest.h">
      <Filter>Tests\Constraints</Filter>
    </ClInclude>
    <ClInclude Include="E:\other projects\CSyren\lib\third_party\JoltPhysics\Samples\Tests\Constraints\SliderConstraintTest.h">
      <Filter>Tests\Constraints</Filter>
    </ClInclude>
    <ClInclude Include="E:\other projects\CSyren\lib\third_party\JoltPhysics\Samples\Tests\Constraints\SpringTest.h">
      <Filter>Tests\Constraints</Filter>
    </ClInclude>
    <ClInclude Include="E:\other projects\CSyren\lib\third_party\JoltPhysics\Samples\Tests\ConvexCollision\CapsuleVsBoxTest.h">
      <Filter>Tests\ConvexCollision</Filter>
    </ClInclude>
    <ClInclude Include="E:\other projects\CSyren\lib\third_party\JoltPhysics\Samples\Tests\ConvexCollision\ClosestPointTest.h">
      <Filter>Tests\ConvexCollision</Filter>
    </ClInclude>
    <ClInclude Include="E:\other projects\CSyren\lib\third_party\JoltPhysics\Samples\Tests\ConvexCollision\ConvexHullTest.h">
      <Filter>Tests\ConvexCollision</Filter>
    </ClInclude>
    <ClInclude Include="E:\other projects\CSyren\lib\third_party\JoltPhysics\Samples\Tests\ConvexCollision\ConvexHullShrinkTest.h">
      <Filter>Tests\ConvexCollision</Filter>
    </ClInclude>
    <ClInclude Include="E:\other projects\CSyren\lib\third_party\JoltPhysics\Samples\Tests\ConvexCollision\EPATest.h">
      <Filter>Tests\ConvexCollision</Filter>
    </ClInclude>
    <ClInclude Include="E:\other projects\CSyren\lib\third_party\JoltPhysics\Samples\Tests\ConvexCollision\InteractivePairsTest.h">
      <Filter>Tests\ConvexCollision</Filter>
    </ClInclude>
    <ClInclude Include="E:\other projects\CSyren\lib\third_party\JoltPhysics\Samples\Tests\ConvexCollision\RandomRayTest.h">
      <Filter>Tests\ConvexCollision</Filter>
    </ClInclude>
    <ClInclude Include="E:\other projects\CSyren\lib\third_party\JoltPhysics\Samples\Tests\General\ActiveEdgesTest.h">
      <Filter>Tests\General</Filter>
    </ClInclude>
    <ClInclude Include="E:\other projects\CSyren\lib\third_party\JoltPhysics\Samples\Tests\General\AllowedDOFsTest.h">
      <Filter>Tests\General</Filter>
    </ClInclude>
    <ClInclude Include="E:\other projects\CSyren\lib\third_party\JoltPhysics\Samples\Tests\General\BigVsSmallTest.h">
      <Filter>Tests\General</Filter>
    </ClInclude>
    <ClInclude Include="E:\other projects\CSyren\lib\third_party\JoltPhysics\Samples\Tests\General\EnhancedInternalEdgeRemovalTest.h">
      <Filter>Tests\General</Filter>
    </ClInclude>
    <ClInclude Include="E:\other projects\CSyren\lib\third_party\JoltPhysics\Samples\Tests\General\ShapeFilterTest.h">
      <Filter>Tests\General</Filter>
    </ClInclude>
    <ClInclude Include="E:\other projects\CSyren\lib\third_party\JoltPhysics\Samples\Tests\General\SimCollideBodyVsBodyTest.h">
      <Filter>Tests\General</Filter>
    </ClInclude>
    <ClInclude Include="E:\other projects\CSyren\lib\third_party\JoltPhysics\Samples\Tests\General\SimShapeFilterTest.h">
      <Filter>Tests\General</Filter>
    </ClInclude>
    <ClInclude Include="E:\other projects\CSyren\lib\third_party\JoltPhysics\Samples\Tests\General\CenterOfMassTest.h">
      <Filter>Tests\General</Filter>
    </ClInclude>
    <ClInclude Include="E:\other projects\CSyren\lib\third_party\JoltPhysics\Samples\Tests\General\ChangeMotionQualityTest.h">
      <Filter>Tests\General</Filter>
    </ClInclude>
    <ClInclude Include="E:\other projects\CSyren\lib\third_party\JoltPhysics\Samples\Tests\General\ChangeMotionTypeTest.h">
      <Filter>Tests\General</Filter>
    </ClInclude>
    <ClInclude Include="E:\other projects\CSyren\lib\third_party\JoltPhysics\Samples\Tests\General\ChangeShapeTest.h">
      <Filter>Tests\General</Filter>
    </ClInclude>
    <ClInclude Include="E:\other projects\CSyren\lib\third_party\JoltPhysics\Samples\Tests\General\ChangeObjectLayerTest.h">
      <Filter>Tests\General</Filter>
    </ClInclude>
    <ClInclude Include="E:\other projects\CSyren\lib\third_party\JoltPhysics\Samples\Tests\General\ContactListenerTest.h">
      <Filter>Tests\General</Filter>
    </ClInclude>
    <ClInclude Include="E:\other projects\CSyren\lib\third_party\JoltPhysics\Samples\Tests\General\ContactManifoldTest.h">
      <Filter>Tests\General</Filter>
    </ClInclude>
    <ClInclude Include="E:\other projects\CSyren\lib\third_party\JoltPhysics\Samples\Tests\General\ConveyorBeltTest.h">
      <Filter>Tests\General</Filter>
    </ClInclude>
    <ClInclude Include="E:\other projects\CSyren\lib\third_party\JoltPhysics\Samples\Tests\General\DampingTest.h">
      <Filter>Tests\General</Filter>
    </ClInclude>
    <ClInclude Include="E:\other projects\CSyren\lib\third_party\JoltPhysics\Samples\Tests\General\DynamicMeshTest.h">
      <Filter>Tests\General</Filter>
    </ClInclude>
    <ClInclude Include="E:\other projects\CSyren\lib\third_party\JoltPhysics\Samples\Tests\General\FrictionTest.h">
      <Filter>Tests\General</Filter>
    </ClInclude>
    <ClInclude Include="E:\other projects\CSyren\lib\third_party\JoltPhysics\Samples\Tests\General\FrictionPerTriangleTest.h">
      <Filter>Tests\General</Filter>
    </ClInclude>
    <ClInclude Include="E:\other projects\CSyren\lib\third_party\JoltPhysics\Samples\Tests\General\FunnelTest.h">
      <Filter>Tests\General</Filter>
    </ClInclude>
    <ClInclude Include="E:\other projects\CSyren\lib\third_party\JoltPhysics\Samples\Tests\General\GravityFactorTest.h">
      <Filter>Tests\General</Filter>
    </ClInclude>
    <ClInclude Include="E:\other projects\CSyren\lib\third_party\JoltPhysics\Samples\Tests\General\GyroscopicForceTest.h">
      <Filter>Tests\General</Filter>
    </ClInclude>
    <ClInclude Include="E:\other projects\CSyren\lib\third_party\JoltPhysics\Samples\Tests\General\HeavyOnLightTest.h">
      <Filter>Tests\General</Filter>
    </ClInclude>
    <ClInclude Include="E:\other projects\CSyren\lib\third_party\JoltPhysics\Samples\Tests\General\HighSpeedTest.h">
      <Filter>Tests\General</Filter>
    </ClInclude>
    <ClInclude Include="E:\other projects\CSyren\lib\third_party\JoltPhysics\Samples\Tests\General\IslandTest.h">
      <Filter>Tests\General</Filter>
    </ClInclude>
    <ClInclude Include="E:\other projects\CSyren\lib\third_party\JoltPhysics\Samples\Tests\General\KinematicTest.h">
      <Filter>Tests\General</Filter>
    </ClInclude>
    <ClInclude Include="E:\other projects\CSyren\lib\third_party\JoltPhysics\Samples\Tests\General\LoadSaveBinaryTest.h">
      <Filter>Tests\General</Filter>
    </ClInclude>
    <ClInclude Include="E:\other projects\CSyren\lib\third_party\JoltPhysics\Samples\Tests\General\LoadSaveSceneTest.h">
      <Filter>Tests\General</Filter>
    </ClInclude>
    <ClInclude Include="E:\other projects\CSyren\lib\third_party\JoltPhysics\Samples\Tests\General\ManifoldReductionTest.h">
      <Filter>Tests\General</Filter>
    </ClInclude>
    <ClInclude Include="E:\other projects\CSyren\lib\third_party\JoltPhysics\Samples\Tests\General\ModifyMassTest.h">
      <Filter>Tests\General</Filter>
    </ClInclude>
    <ClInclude Include="E:\other projects\CSyren\lib\third_party\JoltPhysics\Samples\Tests\General\MultithreadedTest.h">
      <Filter>Tests\General</Filter>
    </ClInclude>
    <ClInclude Include="E:\other projects\CSyren\lib\third_party\JoltPhysics\Samples\Tests\General\PyramidTest.h">
      <Filter>Tests\General</Filter>
    </ClInclude>
    <ClInclude Include="E:\other projects\CSyren\lib\third_party\JoltPhysics\Samples\Tests\General\RestitutionTest.h">
      <Filter>Tests\General</Filter>
    </ClInclude>
    <ClInclude Include="E:\other projects\CSyren\lib\third_party\JoltPhysics\Samples\Tests\General\SensorTest.h">
      <Filter>Tests\General</Filter>
    </ClInclude>
    <ClInclude Include="E:\other projects\CSyren\lib\third_party\JoltPhysics\Samples\Tests\General\SimpleTest.h">
      <Filter>Tests\General</Filter>
    </ClInclude>
    <ClInclude Include="E:\other projects\CSyren\lib\third_party\JoltPhysics\Samples\Tests\General\StackTest.h">
      <Filter>Tests\General</Filter>
    </ClInclude>
    <ClInclude Include="E:\other projects\CSyren\lib\third_party\JoltPhysics\Samples\Tests\General\TwoDFunnelTest.h">
      <Filter>Tests\General</Filter>
    </ClInclude>
    <ClInclude Include="E:\other projects\CSyren\lib\third_party\JoltPhysics\Samples\Tests\General\WallTest.h">
      <Filter>Tests\General</Filter>
    </ClInclude>
    <ClInclude Include="E:\other projects\CSyren\lib\third_party\JoltPhysics\Samples\Tests\General\ActivateDuringUpdateTest.h">
      <Filter>Tests\General</Filter>
    </ClInclude>
    <ClInclude Include="E:\other projects\CSyren\lib\third_party\JoltPhysics\Samples\Tests\Rig\CreateRigTest.h">
      <Filter>Tests\Rig</Filter>
    </ClInclude>
    <ClInclude Include="E:\other projects\CSyren\lib\third_party\JoltPhysics\Samples\Tests\SoftBody\SoftBodyBendConstraintTest.h">
      <Filter>Tests\SoftBody</Filter>
    </ClInclude>
    <ClInclude Include="E:\other projects\CSyren\lib\third_party\JoltPhysics\Samples\Tests\SoftBody\SoftBodyContactListenerTest.h">
      <Filter>Tests\SoftBody</Filter>
    </ClInclude>
    <ClInclude Include="E:\other projects\CSyren\lib\third_party\JoltPhysics\Samples\Tests\SoftBody\SoftBodyCosseratRodConstraintTest.h">
      <Filter>Tests\SoftBody</Filter>
    </ClInclude>
    <ClInclude Include="E:\other projects\CSyren\lib\third_party\JoltPhysics\Samples\Tests\SoftBody\SoftBodyCustomUpdateTest.h">
      <Filter>Tests\SoftBody</Filter>
    </ClInclude>
    <ClInclude Include="E:\other projects\CSyren\lib\third_party\JoltPhysics\Samples\Tests\SoftBody\SoftBodyForceTest.h">
      <Filter>Tests\SoftBody</Filter>
    </ClInclude>
    <ClInclude Include="E:\other projects\CSyren\lib\third_party\JoltPhysics\Samples\Tests\SoftBody\SoftBodyFrictionTest.h">
      <Filter>Tests\SoftBody</Filter>
    </ClInclude>
    <ClInclude Include="E:\other projects\CSyren\lib\third_party\JoltPhysics\Samples\Tests\SoftBody\SoftBodyGravityFactorTest.h">
      <Filter>Tests\SoftBody</Filter>
    </ClInclude>
    <ClInclude Include="E:\other projects\CSyren\lib\third_party\JoltPhysics\Samples\Tests\SoftBody\SoftBodyKinematicTest.h">
      <Filter>Tests\SoftBody</Filter>
    </ClInclude>
    <ClInclude Include="E:\other projects\CSyren\lib\third_party\JoltPhysics\Samples\Tests\SoftBody\SoftBodyLRAConstraintTest.h">
      <Filter>Tests\SoftBody</Filter>
    </ClInclude>
    <ClInclude Include="E:\other projects\CSyren\lib\third_party\JoltPhysics\Samples\Tests\SoftBody\SoftBodyPressureTest.h">
      <Filter>Tests\SoftBody</Filter>
    </ClInclude>
    <ClInclude Include="E:\other projects\CSyren\lib\third_party\JoltPhysics\Samples\Tests\SoftBody\SoftBodyRestitutionTest.h">
      <Filter>Tests\SoftBody</Filter>
    </ClInclude>
    <ClInclude Include="E:\other projects\CSyren\lib\third_party\JoltPhysics\Samples\Tests\SoftBody\SoftBodyShapesTest.h">
      <Filter>Tests\SoftBody</Filter>
    </ClInclude>
    <ClInclude Include="E:\other projects\CSyren\lib\third_party\JoltPhysics\Samples\Tests\SoftBody\SoftBodySkinnedConstraintTest.h">
      <Filter>Tests\SoftBody</Filter>
    </ClInclude>
    <ClInclude Include="E:\other projects\CSyren\lib\third_party\JoltPhysics\Samples\Tests\SoftBody\SoftBodySensorTest.h">
      <Filter>Tests\SoftBody</Filter>
    </ClInclude>
    <ClInclude Include="E:\other projects\CSyren\lib\third_party\JoltPhysics\Samples\Tests\SoftBody\SoftBodyStressTest.h">
      <Filter>Tests\SoftBody</Filter>
    </ClInclude>
    <ClInclude Include="E:\other projects\CSyren\lib\third_party\JoltPhysics\Samples\Tests\SoftBody\SoftBodyUpdatePositionTest.h">
      <Filter>Tests\SoftBody</Filter>
    </ClInclude>
    <ClInclude Include="E:\other projects\CSyren\lib\third_party\JoltPhysics\Samples\Tests\SoftBody\SoftBodyVertexRadiusTest.h">
      <Filter>Tests\SoftBody</Filter>
    </ClInclude>
    <ClInclude Include="E:\other projects\CSyren\lib\third_party\JoltPhysics\Samples\Tests\SoftBody\SoftBodyVsFastMovingTest.h">
      <Filter>Tests\SoftBody</Filter>
    </ClInclude>
    <ClInclude Include="E:\other projects\CSyren\lib\third_party\JoltPhysics\Samples\Tests\Test.h">
      <Filter>Tests</Filter>
    </ClInclude>
    <ClInclude Include="E:\other projects\CSyren\lib\third_party\JoltPhysics\Samples\Tests\Tools\LoadSnapshotTest.h">
      <Filter>Tests\Tools</Filter>
    </ClInclude>
    <ClInclude Include="E:\other projects\CSyren\lib\third_party\JoltPhysics\Samples\Tests\ScaledShapes\DynamicScaledShape.h">
      <Filter>Tests\ScaledShapes</Filter>
    </ClInclude>
    <ClInclude Include="E:\other projects\CSyren\lib\third_party\JoltPhysics\Samples\Tests\ScaledShapes\ScaledBoxShapeTest.h">
      <Filter>Tests\ScaledShapes</Filter>
    </ClInclude>
    <ClInclude Include="E:\other projects\CSyren\lib\third_party\JoltPhysics\Samples\Tests\ScaledShapes\ScaledCapsuleShapeTest.h">
      <Filter>Tests\ScaledShapes</Filter>
    </ClInclude>
    <ClInclude Include="E:\other projects\CSyren\lib\third_party\JoltPhysics\Samples\Tests\ScaledShapes\ScaledStaticCompoundShapeTest.h">
      <Filter>Tests\ScaledShapes</Filter>
    </ClInclude>
    <ClInclude Include="E:\other projects\CSyren\lib\third_party\JoltPhysics\Samples\Tests\ScaledShapes\ScaledMutableCompoundShapeTest.h">
      <Filter>Tests\ScaledShapes</Filter>
    </ClInclude>
    <ClInclude Include="E:\other projects\CSyren\lib\third_party\JoltPhysics\Samples\Tests\ScaledShapes\ScaledOffsetCenterOfMassShapeTest.h">
      <Filter>Tests\ScaledShapes</Filter>
    </ClInclude>
    <ClInclude Include="E:\other projects\CSyren\lib\third_party\JoltPhysics\Samples\Tests\ScaledShapes\ScaledConvexHullShapeTest.h">
      <Filter>Tests\ScaledShapes</Filter>
    </ClInclude>
    <ClInclude Include="E:\other projects\CSyren\lib\third_party\JoltPhysics\Samples\Tests\ScaledShapes\ScaledCylinderShapeTest.h">
      <Filter>Tests\ScaledShapes</Filter>
    </ClInclude>
    <ClInclude Include="E:\other projects\CSyren\lib\third_party\JoltPhysics\Samples\Tests\ScaledShapes\ScaledHeightFieldShapeTest.h">
      <Filter>Tests\ScaledShapes</Filter>
    </ClInclude>
    <ClInclude Include="E:\other projects\CSyren\lib\third_party\JoltPhysics\Samples\Tests\ScaledShapes\ScaledMeshShapeTest.h">
      <Filter>Tests\ScaledShapes</Filter>
    </ClInclude>
    <ClInclude Include="E:\other projects\CSyren\lib\third_party\JoltPhysics\Samples\Tests\ScaledShapes\ScaledPlaneShapeTest.h">
      <Filter>Tests\ScaledShapes</Filter>
    </ClInclude>
    <ClInclude Include="E:\other projects\CSyren\lib\third_party\JoltPhysics\Samples\Tests\ScaledShapes\ScaledSphereShapeTest.h">
      <Filter>Tests\ScaledShapes</Filter>
    </ClInclude>
    <ClInclude Include="E:\other projects\CSyren\lib\third_party\JoltPhysics\Samples\Tests\ScaledShapes\ScaledTaperedCapsuleShapeTest.h">
      <Filter>Tests\ScaledShapes</Filter>
    </ClInclude>
    <ClInclude Include="E:\other projects\CSyren\lib\third_party\JoltPhysics\Samples\Tests\ScaledShapes\ScaledTaperedCylinderShapeTest.h">
      <Filter>Tests\ScaledShapes</Filter>
    </ClInclude>
    <ClInclude Include="E:\other projects\CSyren\lib\third_party\JoltPhysics\Samples\Tests\ScaledShapes\ScaledTriangleShapeTest.h">
      <Filter>Tests\ScaledShapes</Filter>
    </ClInclude>
    <ClInclude Include="E:\other projects\CSyren\lib\third_party\JoltPhysics\Samples\Tests\Shapes\BoxShapeTest.h">
      <Filter>Tests\Shapes</Filter>
    </ClInclude>
    <ClInclude Include="E:\other projects\CSyren\lib\third_party\JoltPhysics\Samples\Tests\Shapes\CapsuleShapeTest.h">
      <Filter>Tests\Shapes</Filter>
    </ClInclude>
    <ClInclude Include="E:\other projects\CSyren\lib\third_party\JoltPhysics\Samples\Tests\Shapes\DeformedHeightFieldShapeTest.h">
      <Filter>Tests\Shapes</Filter>
    </ClInclude>
    <ClInclude Include="E:\other projects\CSyren\lib\third_party\JoltPhysics\Samples\Tests\Shapes\EmptyShapeTest.h">
      <Filter>Tests\Shapes</Filter>
    </ClInclude>
    <ClInclude Include="E:\other projects\CSyren\lib\third_party\JoltPhysics\Samples\Tests\Shapes\StaticCompoundShapeTest.h">
      <Filter>Tests\Shapes</Filter>
    </ClInclude>
    <ClInclude Include="E:\other projects\CSyren\lib\third_party\JoltPhysics\Samples\Tests\Shapes\MutableCompoundShapeTest.h">
      <Filter>Tests\Shapes</Filter>
    </ClInclude>
    <ClInclude Include="E:\other projects\CSyren\lib\third_party\JoltPhysics\Samples\Tests\Shapes\OffsetCenterOfMassShapeTest.h">
      <Filter>Tests\Shapes</Filter>
    </ClInclude>
    <ClInclude Include="E:\other projects\CSyren\lib\third_party\JoltPhysics\Samples\Tests\Shapes\ConvexHullShapeTest.h">
      <Filter>Tests\Shapes</Filter>
    </ClInclude>
    <ClInclude Include="E:\other projects\CSyren\lib\third_party\JoltPhysics\Samples\Tests\Shapes\CylinderShapeTest.h">
      <Filter>Tests\Shapes</Filter>
    </ClInclude>
    <ClInclude Include="E:\other projects\CSyren\lib\third_party\JoltPhysics\Samples\Tests\Shapes\HeightFieldShapeTest.h">
      <Filter>Tests\Shapes</Filter>
    </ClInclude>
    <ClInclude Include="E:\other projects\CSyren\lib\third_party\JoltPhysics\Samples\Tests\Shapes\MeshShapeTest.h">
      <Filter>Tests\Shapes</Filter>
    </ClInclude>
    <ClInclude Include="E:\other projects\CSyren\lib\third_party\JoltPhysics\Samples\Tests\Shapes\MeshShapeUserDataTest.h">
      <Filter>Tests\Shapes</Filter>
    </ClInclude>
    <ClInclude Include="E:\other projects\CSyren\lib\third_party\JoltPhysics\Samples\Tests\Shapes\SphereShapeTest.h">
      <Filter>Tests\Shapes</Filter>
    </ClInclude>
    <ClInclude Include="E:\other projects\CSyren\lib\third_party\JoltPhysics\Samples\Tests\Shapes\PlaneShapeTest.h">
      <Filter>Tests\Shapes</Filter>
    </ClInclude>
    <ClInclude Include="E:\other projects\CSyren\lib\third_party\JoltPhysics\Samples\Tests\Shapes\RotatedTranslatedShapeTest.h">
      <Filter>Tests\Shapes</Filter>
    </ClInclude>
    <ClInclude Include="E:\other projects\CSyren\lib\third_party\JoltPhysics\Samples\Tests\Shapes\TaperedCapsuleShapeTest.h">
      <Filter>Tests\Shapes</Filter>
    </ClInclude>
    <ClInclude Include="E:\other projects\CSyren\lib\third_party\JoltPhysics\Samples\Tests\Shapes\TaperedCylinderShapeTest.h">
      <Filter>Tests\Shapes</Filter>
    </ClInclude>
    <ClInclude Include="E:\other projects\CSyren\lib\third_party\JoltPhysics\Samples\Tests\Shapes\TriangleShapeTest.h">
      <Filter>Tests\Shapes</Filter>
    </ClInclude>
    <ClInclude Include="E:\other projects\CSyren\lib\third_party\JoltPhysics\Samples\Tests\Vehicle\MotorcycleTest.h">
      <Filter>Tests\Vehicle</Filter>
    </ClInclude>
    <ClInclude Include="E:\other projects\CSyren\lib\third_party\JoltPhysics\Samples\Tests\Vehicle\TankTest.h">
      <Filter>Tests\Vehicle</Filter>
    </ClInclude>
    <ClInclude Include="E:\other projects\CSyren\lib\third_party\JoltPhysics\Samples\Tests\Vehicle\VehicleConstraintTest.h">
      <Filter>Tests\Vehicle</Filter>
    </ClInclude>
    <ClInclude Include="E:\other projects\CSyren\lib\third_party\JoltPhysics\Samples\Tests\Vehicle\VehicleSixDOFTest.h">
      <Filter>Tests\Vehicle</Filter>
    </ClInclude>
    <ClInclude Include="E:\other projects\CSyren\lib\third_party\JoltPhysics\Samples\Tests\Vehicle\VehicleStressTest.h">
      <Filter>Tests\Vehicle</Filter>
    </ClInclude>
    <ClInclude Include="E:\other projects\CSyren\lib\third_party\JoltPhysics\Samples\Tests\Vehicle\VehicleTest.h">
      <Filter>Tests\Vehicle</Filter>
    </ClInclude>
    <ClInclude Include="E:\other projects\CSyren\lib\third_party\JoltPhysics\Samples\Tests\Water\BoatTest.h">
      <Filter>Tests\Water</Filter>
    </ClInclude>
    <ClInclude Include="E:\other projects\CSyren\lib\third_party\JoltPhysics\Samples\Tests\Water\WaterShapeTest.h">
      <Filter>Tests\Water</Filter>
    </ClInclude>
    <ClInclude Include="E:\other projects\CSyren\lib\third_party\JoltPhysics\Samples\Utils\ContactListenerImpl.h">
      <Filter>Utils</Filter>
    </ClInclude>
    <ClInclude Include="E:\other projects\CSyren\lib\third_party\JoltPhysics\Samples\Utils\DebugRendererSP.h">
      <Filter>Utils</Filter>
    </ClInclude>
    <ClInclude Include="E:\other projects\CSyren\lib\third_party\JoltPhysics\Samples\Utils\RagdollLoader.h">
      <Filter>Utils</Filter>
    </ClInclude>
    <ClInclude Include="E:\other projects\CSyren\lib\third_party\JoltPhysics\Samples\Utils\ShapeCreator.h">
      <Filter>Utils</Filter>
    </ClInclude>
    <ClInclude Include="E:\other projects\CSyren\lib\third_party\JoltPhysics\Samples\Utils\SoftBodyCreator.h">
      <Filter>Utils</Filter>
    </ClInclude>
    <ClInclude Include="E:\other projects\CSyren\lib\third_party\JoltPhysics\Samples\Tests\Rig\BigWorldTest.h">
      <Filter>Tests\Rig</Filter>
    </ClInclude>
    <ClInclude Include="E:\other projects\CSyren\lib\third_party\JoltPhysics\Samples\Tests\Rig\KinematicRigTest.h">
      <Filter>Tests\Rig</Filter>
    </ClInclude>
    <ClInclude Include="E:\other projects\CSyren\lib\third_party\JoltPhysics\Samples\Tests\Rig\LoadSaveBinaryRigTest.h">
      <Filter>Tests\Rig</Filter>
    </ClInclude>
    <ClInclude Include="E:\other projects\CSyren\lib\third_party\JoltPhysics\Samples\Tests\Rig\LoadSaveRigTest.h">
      <Filter>Tests\Rig</Filter>
    </ClInclude>
    <ClInclude Include="E:\other projects\CSyren\lib\third_party\JoltPhysics\Samples\Tests\Rig\LoadRigTest.h">
      <Filter>Tests\Rig</Filter>
    </ClInclude>
    <ClInclude Include="E:\other projects\CSyren\lib\third_party\JoltPhysics\Samples\Tests\Rig\PoweredRigTest.h">
      <Filter>Tests\Rig</Filter>
    </ClInclude>
    <ClInclude Include="E:\other projects\CSyren\lib\third_party\JoltPhysics\Samples\Tests\Rig\RigPileTest.h">
      <Filter>Tests\Rig</Filter>
    </ClInclude>
    <ClInclude Include="E:\other projects\CSyren\lib\third_party\JoltPhysics\Samples\Tests\Rig\SkeletonMapperTest.h">
      <Filter>Tests\Rig</Filter>
    </ClInclude>
    <ClInclude Include="E:\other projects\CSyren\lib\third_party\JoltPhysics\Samples\Tests\Rig\SoftKeyframedRigTest.h">
      <Filter>Tests\Rig</Filter>
    </ClInclude>
    <ClInclude Include="E:\other projects\CSyren\lib\third_party\JoltPhysics\Build\VS2022_CL\CMakeFiles\Samples.dir\Debug\cmake_pch.hxx">
      <Filter>Precompile Header File</Filter>
    </ClInclude>
    <ClInclude Include="E:\other projects\CSyren\lib\third_party\JoltPhysics\Build\VS2022_CL\CMakeFiles\Samples.dir\Release\cmake_pch.hxx">
      <Filter>Precompile Header File</Filter>
    </ClInclude>
    <ClInclude Include="E:\other projects\CSyren\lib\third_party\JoltPhysics\Build\VS2022_CL\CMakeFiles\Samples.dir\Distribution\cmake_pch.hxx">
      <Filter>Precompile Header File</Filter>
    </ClInclude>
  </ItemGroup>
  <ItemGroup>
    <CustomBuild Include="E:\other projects\CSyren\lib\third_party\JoltPhysics\Build\CMakeLists.txt" />
  </ItemGroup>
  <ItemGroup>
    <None Include="E:\other projects\CSyren\lib\third_party\JoltPhysics\Samples\Samples.cmake" />
  </ItemGroup>
  <ItemGroup>
    <Filter Include="Precompile Header File">
      <UniqueIdentifier>{5D970524-2F59-3649-80FE-27DE8F6275AF}</UniqueIdentifier>
    </Filter>
    <Filter Include="Source Files">
      <UniqueIdentifier>{6AD6748F-B245-3555-AE13-66BA93F45FCB}</UniqueIdentifier>
    </Filter>
    <Filter Include="Tests">
      <UniqueIdentifier>{AD00654A-F0DD-33D0-A30F-8704509D0DB0}</UniqueIdentifier>
    </Filter>
    <Filter Include="Tests\BroadPhase">
      <UniqueIdentifier>{ACE205EA-EDE2-30B8-AEFB-EA0201A4F6E8}</UniqueIdentifier>
    </Filter>
    <Filter Include="Tests\Character">
      <UniqueIdentifier>{CAF8EDA2-003C-3C72-8648-E6F0E5EF5E1A}</UniqueIdentifier>
    </Filter>
    <Filter Include="Tests\Constraints">
      <UniqueIdentifier>{7AF3B9DB-ADCD-3522-A6FF-92BB6C37DAAA}</UniqueIdentifier>
    </Filter>
    <Filter Include="Tests\ConvexCollision">
      <UniqueIdentifier>{BC4F22CA-5A28-366F-9854-FB319FE96DBD}</UniqueIdentifier>
    </Filter>
    <Filter Include="Tests\General">
      <UniqueIdentifier>{EA2E5983-6B81-3169-B638-D15AA468D24F}</UniqueIdentifier>
    </Filter>
    <Filter Include="Tests\Rig">
      <UniqueIdentifier>{E9435890-B4E4-38D7-87E9-E1BDC6825539}</UniqueIdentifier>
    </Filter>
    <Filter Include="Tests\ScaledShapes">
      <UniqueIdentifier>{B4AA0B85-5143-3284-B1AF-6553BDAF3E42}</UniqueIdentifier>
    </Filter>
    <Filter Include="Tests\Shapes">
      <UniqueIdentifier>{318EE93D-D2A7-30C1-B1DD-F46DC33DFBFC}</UniqueIdentifier>
    </Filter>
    <Filter Include="Tests\SoftBody">
      <UniqueIdentifier>{A53251CD-D050-3159-B8B3-212FF9BB06D3}</UniqueIdentifier>
    </Filter>
    <Filter Include="Tests\Tools">
      <UniqueIdentifier>{04954242-EA70-3565-95F5-531634AA33A3}</UniqueIdentifier>
    </Filter>
    <Filter Include="Tests\Vehicle">
      <UniqueIdentifier>{889D7381-9789-30AB-9B8D-E81EC13B5735}</UniqueIdentifier>
    </Filter>
    <Filter Include="Tests\Water">
      <UniqueIdentifier>{82D7F56D-74E7-3136-B0C7-8A8DC0EB21D9}</UniqueIdentifier>
    </Filter>
    <Filter Include="Utils">
      <UniqueIdentifier>{B7A78064-5069-33DD-A1B7-14B399381616}</UniqueIdentifier>
    </Filter>
  </ItemGroup>
</Project>
