
Microsoft Visual Studio Solution File, Format Version 12.00
# Visual Studio Version 17
VisualStudioVersion = 17.12.35506.116
MinimumVisualStudioVersion = 10.0.40219.1
Project("{8BC9CEB8-8B4A-11D0-8D11-00A0C91BC942}") = "CSyren", "CSyren.vcxproj", "{43CB669E-1269-4AD8-A542-1F52AD812FCC}"
	ProjectSection(ProjectDependencies) = postProject
		{02615BFC-B339-45BA-BF9F-22820D9E80A2} = {02615BFC-B339-45BA-BF9F-22820D9E80A2}
		{C2D419D8-5A36-4905-BF2F-7FBC3CD025E9} = {C2D419D8-5A36-4905-BF2F-7FBC3CD025E9}
	EndProjectSection
EndProject
Project("{8BC9CEB8-8B4A-11D0-8D11-00A0C91BC942}") = "core", "lib\core\core.vcxproj", "{C2D419D8-5A36-4905-BF2F-7FBC3CD025E9}"
	ProjectSection(ProjectDependencies) = postProject
		{02615BFC-B339-45BA-BF9F-22820D9E80A2} = {02615BFC-B339-45BA-BF9F-22820D9E80A2}
		{0A840A4E-EEBD-4693-BB62-DE598C61096E} = {0A840A4E-EEBD-4693-BB62-DE598C61096E}
	EndProjectSection
EndProject
Project("{8BC9CEB8-8B4A-11D0-8D11-00A0C91BC942}") = "core_tests", "test\core_tests\core_tests.vcxproj", "{5CEF345F-3360-41A0-BC02-CB1F38138A0F}"
	ProjectSection(ProjectDependencies) = postProject
		{C2D419D8-5A36-4905-BF2F-7FBC3CD025E9} = {C2D419D8-5A36-4905-BF2F-7FBC3CD025E9}
	EndProjectSection
EndProject
Project("{8BC9CEB8-8B4A-11D0-8D11-00A0C91BC942}") = "cstdmf", "lib\cstdmf\cstdmf.vcxproj", "{0A840A4E-EEBD-4693-BB62-DE598C61096E}"
EndProject
Project("{8BC9CEB8-8B4A-11D0-8D11-00A0C91BC942}") = "cstdmf_tests", "test\cstdmf_tests\cstdmf_tests.vcxproj", "{BA52D8F0-E7C5-4493-A2FA-5699950FD5F2}"
	ProjectSection(ProjectDependencies) = postProject
		{0A840A4E-EEBD-4693-BB62-DE598C61096E} = {0A840A4E-EEBD-4693-BB62-DE598C61096E}
	EndProjectSection
EndProject
Project("{8BC9CEB8-8B4A-11D0-8D11-00A0C91BC942}") = "dx12_graphic", "lib\dx12_graphic\dx12_graphic.vcxproj", "{02615BFC-B339-45BA-BF9F-22820D9E80A2}"
	ProjectSection(ProjectDependencies) = postProject
		{0A840A4E-EEBD-4693-BB62-DE598C61096E} = {0A840A4E-EEBD-4693-BB62-DE598C61096E}
	EndProjectSection
EndProject
Global
	GlobalSection(SolutionConfigurationPlatforms) = preSolution
		Debug|x64 = Debug|x64
		Release|x64 = Release|x64
	EndGlobalSection
	GlobalSection(ProjectConfigurationPlatforms) = postSolution
		{43CB669E-1269-4AD8-A542-1F52AD812FCC}.Debug|x64.ActiveCfg = Debug|x64
		{43CB669E-1269-4AD8-A542-1F52AD812FCC}.Debug|x64.Build.0 = Debug|x64
		{43CB669E-1269-4AD8-A542-1F52AD812FCC}.Release|x64.ActiveCfg = Release|x64
		{43CB669E-1269-4AD8-A542-1F52AD812FCC}.Release|x64.Build.0 = Release|x64
		{C2D419D8-5A36-4905-BF2F-7FBC3CD025E9}.Debug|x64.ActiveCfg = Debug|x64
		{C2D419D8-5A36-4905-BF2F-7FBC3CD025E9}.Debug|x64.Build.0 = Debug|x64
		{C2D419D8-5A36-4905-BF2F-7FBC3CD025E9}.Release|x64.ActiveCfg = Release|x64
		{C2D419D8-5A36-4905-BF2F-7FBC3CD025E9}.Release|x64.Build.0 = Release|x64
		{5CEF345F-3360-41A0-BC02-CB1F38138A0F}.Debug|x64.ActiveCfg = Debug|x64
		{5CEF345F-3360-41A0-BC02-CB1F38138A0F}.Debug|x64.Build.0 = Debug|x64
		{5CEF345F-3360-41A0-BC02-CB1F38138A0F}.Release|x64.ActiveCfg = Release|x64
		{5CEF345F-3360-41A0-BC02-CB1F38138A0F}.Release|x64.Build.0 = Release|x64
		{0A840A4E-EEBD-4693-BB62-DE598C61096E}.Debug|x64.ActiveCfg = Debug|x64
		{0A840A4E-EEBD-4693-BB62-DE598C61096E}.Debug|x64.Build.0 = Debug|x64
		{0A840A4E-EEBD-4693-BB62-DE598C61096E}.Release|x64.ActiveCfg = Release|x64
		{0A840A4E-EEBD-4693-BB62-DE598C61096E}.Release|x64.Build.0 = Release|x64
		{BA52D8F0-E7C5-4493-A2FA-5699950FD5F2}.Debug|x64.ActiveCfg = Debug|x64
		{BA52D8F0-E7C5-4493-A2FA-5699950FD5F2}.Debug|x64.Build.0 = Debug|x64
		{BA52D8F0-E7C5-4493-A2FA-5699950FD5F2}.Release|x64.ActiveCfg = Release|x64
		{BA52D8F0-E7C5-4493-A2FA-5699950FD5F2}.Release|x64.Build.0 = Release|x64
		{02615BFC-B339-45BA-BF9F-22820D9E80A2}.Debug|x64.ActiveCfg = Debug|x64
		{02615BFC-B339-45BA-BF9F-22820D9E80A2}.Debug|x64.Build.0 = Debug|x64
		{02615BFC-B339-45BA-BF9F-22820D9E80A2}.Release|x64.ActiveCfg = Release|x64
		{02615BFC-B339-45BA-BF9F-22820D9E80A2}.Release|x64.Build.0 = Release|x64
	EndGlobalSection
	GlobalSection(SolutionProperties) = preSolution
		HideSolutionNode = FALSE
	EndGlobalSection
	GlobalSection(ExtensibilityGlobals) = postSolution
		SolutionGuid = {7F669F05-5DE3-4857-9733-591E8FC4BB73}
	EndGlobalSection
EndGlobal
